{
  "version": 4,
  "terraform_version": "1.15.8",
  "serial": 26,
  "lineage": "bed11f34-642f-a029-da3e-e834516a1afe",
  "outputs": {
    "api_service_name": {
      "value": "mechanic-api-service",
      "type": "string"
    },
    "database_service_name": {
      "value": "mechanic-db-service",
      "type": "string"
    }
  },
  "resources": [
    {
      "mode": "managed",
      "type": "kubernetes_manifest",
      "name": "api_deployment",
      "provider": "provider[\"registry.terraform.io/hashicorp/kubernetes\"]",
      "instances": [
        {
          "schema_version": 1,
          "attributes": {
            "computed_fields": null,
            "field_manager": [],
            "manifest": {
              "value": {
                "apiVersion": "apps/v1",
                "kind": "Deployment",
                "metadata": {
                  "name": "mechanic-api",
                  "namespace": "default"
                },
                "spec": {
                  "replicas": 1,
                  "selector": {
                    "matchLabels": {
                      "app": "mechanic-api"
                    }
                  },
                  "template": {
                    "metadata": {
                      "labels": {
                        "app": "mechanic-api"
                      }
                    },
                    "spec": {
                      "containers": [
                        {
                          "env": [
                            {
                              "name": "ASPNETCORE_ENVIRONMENT",
                              "valueFrom": {
                                "configMapKeyRef": {
                                  "key": "environment",
                                  "name": "mechanic-config"
                                }
                              }
                            },
                            {
                              "name": "ConnectionStrings__AppDbContext",
                              "valueFrom": {
                                "secretKeyRef": {
                                  "key": "connectionString",
                                  "name": "mechanic-secret"
                                }
                              }
                            }
                          ],
                          "image": "mechanic-api:latest",
                          "imagePullPolicy": "Never",
                          "name": "mechanic-api",
                          "ports": [
                            {
                              "containerPort": 8080
                            }
                          ],
                          "resources": {
                            "limits": {
                              "cpu": "500m",
                              "memory": "512Mi"
                            },
                            "requests": {
                              "cpu": "200m",
                              "memory": "256Mi"
                            }
                          }
                        }
                      ]
                    }
                  }
                }
              },
              "type": [
                "object",
                {
                  "apiVersion": "string",
                  "kind": "string",
                  "metadata": [
                    "object",
                    {
                      "name": "string",
                      "namespace": "string"
                    }
                  ],
                  "spec": [
                    "object",
                    {
                      "replicas": "number",
                      "selector": [
                        "object",
                        {
                          "matchLabels": [
                            "object",
                            {
                              "app": "string"
                            }
                          ]
                        }
                      ],
                      "template": [
                        "object",
                        {
                          "metadata": [
                            "object",
                            {
                              "labels": [
                                "object",
                                {
                                  "app": "string"
                                }
                              ]
                            }
                          ],
                          "spec": [
                            "object",
                            {
                              "containers": [
                                "tuple",
                                [
                                  [
                                    "object",
                                    {
                                      "env": [
                                        "tuple",
                                        [
                                          [
                                            "object",
                                            {
                                              "name": "string",
                                              "valueFrom": [
                                                "object",
                                                {
                                                  "configMapKeyRef": [
                                                    "object",
                                                    {
                                                      "key": "string",
                                                      "name": "string"
                                                    }
                                                  ]
                                                }
                                              ]
                                            }
                                          ],
                                          [
                                            "object",
                                            {
                                              "name": "string",
                                              "valueFrom": [
                                                "object",
                                                {
                                                  "secretKeyRef": [
                                                    "object",
                                                    {
                                                      "key": "string",
                                                      "name": "string"
                                                    }
                                                  ]
                                                }
                                              ]
                                            }
                                          ]
                                        ]
                                      ],
                                      "image": "string",
                                      "imagePullPolicy": "string",
                                      "name": "string",
                                      "ports": [
                                        "tuple",
                                        [
                                          [
                                            "object",
                                            {
                                              "containerPort": "number"
                                            }
                                          ]
                                        ]
                                      ],
                                      "resources": [
                                        "object",
                                        {
                                          "limits": [
                                            "object",
                                            {
                                              "cpu": "string",
                                              "memory": "string"
                                            }
                                          ],
                                          "requests": [
                                            "object",
                                            {
                                              "cpu": "string",
                                              "memory": "string"
                                            }
                                          ]
                                        }
                                      ]
                                    }
                                  ]
                                ]
                              ]
                            }
                          ]
                        }
                      ]
                    }
                  ]
                }
              ]
            },
            "object": {
              "value": {
                "apiVersion": "apps/v1",
                "kind": "Deployment",
                "metadata": {
                  "annotations": {
                    "deployment.kubernetes.io/revision": "1"
                  },
                  "creationTimestamp": null,
                  "deletionGracePeriodSeconds": null,
                  "deletionTimestamp": null,
                  "finalizers": null,
                  "generateName": null,
                  "generation": null,
                  "labels": null,
                  "managedFields": null,
                  "name": "mechanic-api",
                  "namespace": "default",
                  "ownerReferences": null,
                  "resourceVersion": null,
                  "selfLink": null,
                  "uid": null
                },
                "spec": {
                  "minReadySeconds": null,
                  "paused": null,
                  "progressDeadlineSeconds": 600,
                  "replicas": 1,
                  "revisionHistoryLimit": 10,
                  "selector": {
                    "matchExpressions": null,
                    "matchLabels": {
                      "app": "mechanic-api"
                    }
                  },
                  "strategy": {
                    "rollingUpdate": {
                      "maxSurge": "25%",
                      "maxUnavailable": "25%"
                    },
                    "type": "RollingUpdate"
                  },
                  "template": {
                    "metadata": {
                      "annotations": null,
                      "creationTimestamp": null,
                      "deletionGracePeriodSeconds": null,
                      "deletionTimestamp": null,
                      "finalizers": null,
                      "generateName": null,
                      "generation": null,
                      "labels": {
                        "app": "mechanic-api"
                      },
                      "managedFields": null,
                      "name": null,
                      "namespace": null,
                      "ownerReferences": null,
                      "resourceVersion": null,
                      "selfLink": null,
                      "uid": null
                    },
                    "spec": {
                      "activeDeadlineSeconds": null,
                      "affinity": {
                        "nodeAffinity": {
                          "preferredDuringSchedulingIgnoredDuringExecution": null,
                          "requiredDuringSchedulingIgnoredDuringExecution": {
                            "nodeSelectorTerms": null
                          }
                        },
                        "podAffinity": {
                          "preferredDuringSchedulingIgnoredDuringExecution": null,
                          "requiredDuringSchedulingIgnoredDuringExecution": null
                        },
                        "podAntiAffinity": {
                          "preferredDuringSchedulingIgnoredDuringExecution": null,
                          "requiredDuringSchedulingIgnoredDuringExecution": null
                        }
                      },
                      "automountServiceAccountToken": null,
                      "containers": [
                        {
                          "args": null,
                          "command": null,
                          "env": [
                            {
                              "name": "ASPNETCORE_ENVIRONMENT",
                              "value": null,
                              "valueFrom": {
                                "configMapKeyRef": {
                                  "key": "environment",
                                  "name": "mechanic-config",
                                  "optional": null
                                },
                                "fieldRef": {
                                  "apiVersion": null,
                                  "fieldPath": null
                                },
                                "fileKeyRef": {
                                  "key": null,
                                  "optional": null,
                                  "path": null,
                                  "volumeName": null
                                },
                                "resourceFieldRef": {
                                  "containerName": null,
                                  "divisor": null,
                                  "resource": null
                                },
                                "secretKeyRef": {
                                  "key": null,
                                  "name": null,
                                  "optional": null
                                }
                              }
                            },
                            {
                              "name": "ConnectionStrings__AppDbContext",
                              "value": null,
                              "valueFrom": {
                                "configMapKeyRef": {
                                  "key": null,
                                  "name": null,
                                  "optional": null
                                },
                                "fieldRef": {
                                  "apiVersion": null,
                                  "fieldPath": null
                                },
                                "fileKeyRef": {
                                  "key": null,
                                  "optional": null,
                                  "path": null,
                                  "volumeName": null
                                },
                                "resourceFieldRef": {
                                  "containerName": null,
                                  "divisor": null,
                                  "resource": null
                                },
                                "secretKeyRef": {
                                  "key": "connectionString",
                                  "name": "mechanic-secret",
                                  "optional": null
                                }
                              }
                            }
                          ],
                          "envFrom": null,
                          "image": "mechanic-api:latest",
                          "imagePullPolicy": "Never",
                          "lifecycle": {
                            "postStart": {
                              "exec": {
                                "command": null
                              },
                              "httpGet": {
                                "host": null,
                                "httpHeaders": null,
                                "path": null,
                                "port": null,
                                "scheme": null
                              },
                              "sleep": {
                                "seconds": null
                              },
                              "tcpSocket": {
                                "host": null,
                                "port": null
                              }
                            },
                            "preStop": {
                              "exec": {
                                "command": null
                              },
                              "httpGet": {
                                "host": null,
                                "httpHeaders": null,
                                "path": null,
                                "port": null,
                                "scheme": null
                              },
                              "sleep": {
                                "seconds": null
                              },
                              "tcpSocket": {
                                "host": null,
                                "port": null
                              }
                            },
                            "stopSignal": null
                          },
                          "livenessProbe": {
                            "exec": {
                              "command": null
                            },
                            "failureThreshold": null,
                            "grpc": {
                              "port": null,
                              "service": null
                            },
                            "httpGet": {
                              "host": null,
                              "httpHeaders": null,
                              "path": null,
                              "port": null,
                              "scheme": null
                            },
                            "initialDelaySeconds": null,
                            "periodSeconds": null,
                            "successThreshold": null,
                            "tcpSocket": {
                              "host": null,
                              "port": null
                            },
                            "terminationGracePeriodSeconds": null,
                            "timeoutSeconds": null
                          },
                          "name": "mechanic-api",
                          "ports": [
                            {
                              "containerPort": 8080,
                              "hostIP": null,
                              "hostPort": null,
                              "name": null,
                              "protocol": "TCP"
                            }
                          ],
                          "readinessProbe": {
                            "exec": {
                              "command": null
                            },
                            "failureThreshold": null,
                            "grpc": {
                              "port": null,
                              "service": null
                            },
                            "httpGet": {
                              "host": null,
                              "httpHeaders": null,
                              "path": null,
                              "port": null,
                              "scheme": null
                            },
                            "initialDelaySeconds": null,
                            "periodSeconds": null,
                            "successThreshold": null,
                            "tcpSocket": {
                              "host": null,
                              "port": null
                            },
                            "terminationGracePeriodSeconds": null,
                            "timeoutSeconds": null
                          },
                          "resizePolicy": null,
                          "resources": {
                            "claims": null,
                            "limits": {
                              "cpu": "500m",
                              "memory": "512Mi"
                            },
                            "requests": {
                              "cpu": "200m",
                              "memory": "256Mi"
                            }
                          },
                          "restartPolicy": null,
                          "restartPolicyRules": null,
                          "securityContext": {
                            "allowPrivilegeEscalation": null,
                            "appArmorProfile": {
                              "localhostProfile": null,
                              "type": null
                            },
                            "capabilities": {
                              "add": null,
                              "drop": null
                            },
                            "privileged": null,
                            "procMount": null,
                            "readOnlyRootFilesystem": null,
                            "runAsGroup": null,
                            "runAsNonRoot": null,
                            "runAsUser": null,
                            "seLinuxOptions": {
                              "level": null,
                              "role": null,
                              "type": null,
                              "user": null
                            },
                            "seccompProfile": {
                              "localhostProfile": null,
                              "type": null
                            },
                            "windowsOptions": {
                              "gmsaCredentialSpec": null,
                              "gmsaCredentialSpecName": null,
                              "hostProcess": null,
                              "runAsUserName": null
                            }
                          },
                          "startupProbe": {
                            "exec": {
                              "command": null
                            },
                            "failureThreshold": null,
                            "grpc": {
                              "port": null,
                              "service": null
                            },
                            "httpGet": {
                              "host": null,
                              "httpHeaders": null,
                              "path": null,
                              "port": null,
                              "scheme": null
                            },
                            "initialDelaySeconds": null,
                            "periodSeconds": null,
                            "successThreshold": null,
                            "tcpSocket": {
                              "host": null,
                              "port": null
                            },
                            "terminationGracePeriodSeconds": null,
                            "timeoutSeconds": null
                          },
                          "stdin": null,
                          "stdinOnce": null,
                          "terminationMessagePath": "/dev/termination-log",
                          "terminationMessagePolicy": "File",
                          "tty": null,
                          "volumeDevices": null,
                          "volumeMounts": null,
                          "workingDir": null
                        }
                      ],
                      "dnsConfig": {
                        "nameservers": null,
                        "options": null,
                        "searches": null
                      },
                      "dnsPolicy": "ClusterFirst",
                      "enableServiceLinks": null,
                      "ephemeralContainers": null,
                      "hostAliases": null,
                      "hostIPC": null,
                      "hostNetwork": null,
                      "hostPID": null,
                      "hostUsers": null,
                      "hostname": null,
                      "hostnameOverride": null,
                      "imagePullSecrets": null,
                      "initContainers": null,
                      "nodeName": null,
                      "nodeSelector": null,
                      "os": {
                        "name": null
                      },
                      "overhead": null,
                      "preemptionPolicy": null,
                      "priority": null,
                      "priorityClassName": null,
                      "readinessGates": null,
                      "resourceClaims": null,
                      "resources": {
                        "claims": null,
                        "limits": null,
                        "requests": null
                      },
                      "restartPolicy": "Always",
                      "runtimeClassName": null,
                      "schedulerName": "default-scheduler",
                      "schedulingGates": null,
                      "schedulingGroup": {
                        "podGroupName": null
                      },
                      "securityContext": {
                        "appArmorProfile": {
                          "localhostProfile": null,
                          "type": null
                        },
                        "fsGroup": null,
                        "fsGroupChangePolicy": null,
                        "runAsGroup": null,
                        "runAsNonRoot": null,
                        "runAsUser": null,
                        "seLinuxChangePolicy": null,
                        "seLinuxOptions": {
                          "level": null,
                          "role": null,
                          "type": null,
                          "user": null
                        },
                        "seccompProfile": {
                          "localhostProfile": null,
                          "type": null
                        },
                        "supplementalGroups": null,
                        "supplementalGroupsPolicy": null,
                        "sysctls": null,
                        "windowsOptions": {
                          "gmsaCredentialSpec": null,
                          "gmsaCredentialSpecName": null,
                          "hostProcess": null,
                          "runAsUserName": null
                        }
                      },
                      "serviceAccount": null,
                      "serviceAccountName": null,
                      "setHostnameAsFQDN": null,
                      "shareProcessNamespace": null,
                      "subdomain": null,
                      "terminationGracePeriodSeconds": 30,
                      "tolerations": null,
                      "topologySpreadConstraints": null,
                      "volumes": null
                    }
                  }
                }
              },
              "type": [
                "object",
                {
                  "apiVersion": "string",
                  "kind": "string",
                  "metadata": [
                    "object",
                    {
                      "annotations": [
                        "map",
                        "string"
                      ],
                      "creationTimestamp": "string",
                      "deletionGracePeriodSeconds": "number",
                      "deletionTimestamp": "string",
                      "finalizers": [
                        "list",
                        "string"
                      ],
                      "generateName": "string",
                      "generation": "number",
                      "labels": [
                        "map",
                        "string"
                      ],
                      "managedFields": [
                        "tuple",
                        [
                          [
                            "object",
                            {
                              "apiVersion": "string",
                              "fieldsType": "string",
                              "fieldsV1": "dynamic",
                              "manager": "string",
                              "operation": "string",
                              "subresource": "string",
                              "time": "string"
                            }
                          ]
                        ]
                      ],
                      "name": "string",
                      "namespace": "string",
                      "ownerReferences": [
                        "list",
                        [
                          "object",
                          {
                            "apiVersion": "string",
                            "blockOwnerDeletion": "bool",
                            "controller": "bool",
                            "kind": "string",
                            "name": "string",
                            "uid": "string"
                          }
                        ]
                      ],
                      "resourceVersion": "string",
                      "selfLink": "string",
                      "uid": "string"
                    }
                  ],
                  "spec": [
                    "object",
                    {
                      "minReadySeconds": "number",
                      "paused": "bool",
                      "progressDeadlineSeconds": "number",
                      "replicas": "number",
                      "revisionHistoryLimit": "number",
                      "selector": [
                        "object",
                        {
                          "matchExpressions": [
                            "list",
                            [
                              "object",
                              {
                                "key": "string",
                                "operator": "string",
                                "values": [
                                  "list",
                                  "string"
                                ]
                              }
                            ]
                          ],
                          "matchLabels": [
                            "map",
                            "string"
                          ]
                        }
                      ],
                      "strategy": [
                        "object",
                        {
                          "rollingUpdate": [
                            "object",
                            {
                              "maxSurge": "string",
                              "maxUnavailable": "string"
                            }
                          ],
                          "type": "string"
                        }
                      ],
                      "template": [
                        "object",
                        {
                          "metadata": [
                            "object",
                            {
                              "annotations": [
                                "map",
                                "string"
                              ],
                              "creationTimestamp": "string",
                              "deletionGracePeriodSeconds": "number",
                              "deletionTimestamp": "string",
                              "finalizers": [
                                "list",
                                "string"
                              ],
                              "generateName": "string",
                              "generation": "number",
                              "labels": [
                                "map",
                                "string"
                              ],
                              "managedFields": [
                                "tuple",
                                [
                                  [
                                    "object",
                                    {
                                      "apiVersion": "string",
                                      "fieldsType": "string",
                                      "fieldsV1": "dynamic",
                                      "manager": "string",
                                      "operation": "string",
                                      "subresource": "string",
                                      "time": "string"
                                    }
                                  ]
                                ]
                              ],
                              "name": "string",
                              "namespace": "string",
                              "ownerReferences": [
                                "list",
                                [
                                  "object",
                                  {
                                    "apiVersion": "string",
                                    "blockOwnerDeletion": "bool",
                                    "controller": "bool",
                                    "kind": "string",
                                    "name": "string",
                                    "uid": "string"
                                  }
                                ]
                              ],
                              "resourceVersion": "string",
                              "selfLink": "string",
                              "uid": "string"
                            }
                          ],
                          "spec": [
                            "object",
                            {
                              "activeDeadlineSeconds": "number",
                              "affinity": [
                                "object",
                                {
                                  "nodeAffinity": [
                                    "object",
                                    {
                                      "preferredDuringSchedulingIgnoredDuringExecution": [
                                        "list",
                                        [
                                          "object",
                                          {
                                            "preference": [
                                              "object",
                                              {
                                                "matchExpressions": [
                                                  "list",
                                                  [
                                                    "object",
                                                    {
                                                      "key": "string",
                                                      "operator": "string",
                                                      "values": [
                                                        "list",
                                                        "string"
                                                      ]
                                                    }
                                                  ]
                                                ],
                                                "matchFields": [
                                                  "list",
                                                  [
                                                    "object",
                                                    {
                                                      "key": "string",
                                                      "operator": "string",
                                                      "values": [
                                                        "list",
                                                        "string"
                                                      ]
                                                    }
                                                  ]
                                                ]
                                              }
                                            ],
                                            "weight": "number"
                                          }
                                        ]
                                      ],
                                      "requiredDuringSchedulingIgnoredDuringExecution": [
                                        "object",
                                        {
                                          "nodeSelectorTerms": [
                                            "list",
                                            [
                                              "object",
                                              {
                                                "matchExpressions": [
                                                  "list",
                                                  [
                                                    "object",
                                                    {
                                                      "key": "string",
                                                      "operator": "string",
                                                      "values": [
                                                        "list",
                                                        "string"
                                                      ]
                                                    }
                                                  ]
                                                ],
                                                "matchFields": [
                                                  "list",
                                                  [
                                                    "object",
                                                    {
                                                      "key": "string",
                                                      "operator": "string",
                                                      "values": [
                                                        "list",
                                                        "string"
                                                      ]
                                                    }
                                                  ]
                                                ]
                                              }
                                            ]
                                          ]
                                        }
                                      ]
                                    }
                                  ],
                                  "podAffinity": [
                                    "object",
                                    {
                                      "preferredDuringSchedulingIgnoredDuringExecution": [
                                        "list",
                                        [
                                          "object",
                                          {
                                            "podAffinityTerm": [
                                              "object",
                                              {
                                                "labelSelector": [
                                                  "object",
                                                  {
                                                    "matchExpressions": [
                                                      "list",
                                                      [
                                                        "object",
                                                        {
                                                          "key": "string",
                                                          "operator": "string",
                                                          "values": [
                                                            "list",
                                                            "string"
                                                          ]
                                                        }
                                                      ]
                                                    ],
                                                    "matchLabels": [
                                                      "map",
                                                      "string"
                                                    ]
                                                  }
                                                ],
                                                "matchLabelKeys": [
                                                  "list",
                                                  "string"
                                                ],
                                                "mismatchLabelKeys": [
                                                  "list",
                                                  "string"
                                                ],
                                                "namespaceSelector": [
                                                  "object",
                                                  {
                                                    "matchExpressions": [
                                                      "list",
                                                      [
                                                        "object",
                                                        {
                                                          "key": "string",
                                                          "operator": "string",
                                                          "values": [
                                                            "list",
                                                            "string"
                                                          ]
                                                        }
                                                      ]
                                                    ],
                                                    "matchLabels": [
                                                      "map",
                                                      "string"
                                                    ]
                                                  }
                                                ],
                                                "namespaces": [
                                                  "list",
                                                  "string"
                                                ],
                                                "topologyKey": "string"
                                              }
                                            ],
                                            "weight": "number"
                                          }
                                        ]
                                      ],
                                      "requiredDuringSchedulingIgnoredDuringExecution": [
                                        "list",
                                        [
                                          "object",
                                          {
                                            "labelSelector": [
                                              "object",
                                              {
                                                "matchExpressions": [
                                                  "list",
                                                  [
                                                    "object",
                                                    {
                                                      "key": "string",
                                                      "operator": "string",
                                                      "values": [
                                                        "list",
                                                        "string"
                                                      ]
                                                    }
                                                  ]
                                                ],
                                                "matchLabels": [
                                                  "map",
                                                  "string"
                                                ]
                                              }
                                            ],
                                            "matchLabelKeys": [
                                              "list",
                                              "string"
                                            ],
                                            "mismatchLabelKeys": [
                                              "list",
                                              "string"
                                            ],
                                            "namespaceSelector": [
                                              "object",
                                              {
                                                "matchExpressions": [
                                                  "list",
                                                  [
                                                    "object",
                                                    {
                                                      "key": "string",
                                                      "operator": "string",
                                                      "values": [
                                                        "list",
                                                        "string"
                                                      ]
                                                    }
                                                  ]
                                                ],
                                                "matchLabels": [
                                                  "map",
                                                  "string"
                                                ]
                                              }
                                            ],
                                            "namespaces": [
                                              "list",
                                              "string"
                                            ],
                                            "topologyKey": "string"
                                          }
                                        ]
                                      ]
                                    }
                                  ],
                                  "podAntiAffinity": [
                                    "object",
                                    {
                                      "preferredDuringSchedulingIgnoredDuringExecution": [
                                        "list",
                                        [
                                          "object",
                                          {
                                            "podAffinityTerm": [
                                              "object",
                                              {
                                                "labelSelector": [
                                                  "object",
                                                  {
                                                    "matchExpressions": [
                                                      "list",
                                                      [
                                                        "object",
                                                        {
                                                          "key": "string",
                                                          "operator": "string",
                                                          "values": [
                                                            "list",
                                                            "string"
                                                          ]
                                                        }
                                                      ]
                                                    ],
                                                    "matchLabels": [
                                                      "map",
                                                      "string"
                                                    ]
                                                  }
                                                ],
                                                "matchLabelKeys": [
                                                  "list",
                                                  "string"
                                                ],
                                                "mismatchLabelKeys": [
                                                  "list",
                                                  "string"
                                                ],
                                                "namespaceSelector": [
                                                  "object",
                                                  {
                                                    "matchExpressions": [
                                                      "list",
                                                      [
                                                        "object",
                                                        {
                                                          "key": "string",
                                                          "operator": "string",
                                                          "values": [
                                                            "list",
                                                            "string"
                                                          ]
                                                        }
                                                      ]
                                                    ],
                                                    "matchLabels": [
                                                      "map",
                                                      "string"
                                                    ]
                                                  }
                                                ],
                                                "namespaces": [
                                                  "list",
                                                  "string"
                                                ],
                                                "topologyKey": "string"
                                              }
                                            ],
                                            "weight": "number"
                                          }
                                        ]
                                      ],
                                      "requiredDuringSchedulingIgnoredDuringExecution": [
                                        "list",
                                        [
                                          "object",
                                          {
                                            "labelSelector": [
                                              "object",
                                              {
                                                "matchExpressions": [
                                                  "list",
                                                  [
                                                    "object",
                                                    {
                                                      "key": "string",
                                                      "operator": "string",
                                                      "values": [
                                                        "list",
                                                        "string"
                                                      ]
                                                    }
                                                  ]
                                                ],
                                                "matchLabels": [
                                                  "map",
                                                  "string"
                                                ]
                                              }
                                            ],
                                            "matchLabelKeys": [
                                              "list",
                                              "string"
                                            ],
                                            "mismatchLabelKeys": [
                                              "list",
                                              "string"
                                            ],
                                            "namespaceSelector": [
                                              "object",
                                              {
                                                "matchExpressions": [
                                                  "list",
                                                  [
                                                    "object",
                                                    {
                                                      "key": "string",
                                                      "operator": "string",
                                                      "values": [
                                                        "list",
                                                        "string"
                                                      ]
                                                    }
                                                  ]
                                                ],
                                                "matchLabels": [
                                                  "map",
                                                  "string"
                                                ]
                                              }
                                            ],
                                            "namespaces": [
                                              "list",
                                              "string"
                                            ],
                                            "topologyKey": "string"
                                          }
                                        ]
                                      ]
                                    }
                                  ]
                                }
                              ],
                              "automountServiceAccountToken": "bool",
                              "containers": [
                                "list",
                                [
                                  "object",
                                  {
                                    "args": [
                                      "list",
                                      "string"
                                    ],
                                    "command": [
                                      "list",
                                      "string"
                                    ],
                                    "env": [
                                      "list",
                                      [
                                        "object",
                                        {
                                          "name": "string",
                                          "value": "string",
                                          "valueFrom": [
                                            "object",
                                            {
                                              "configMapKeyRef": [
                                                "object",
                                                {
                                                  "key": "string",
                                                  "name": "string",
                                                  "optional": "bool"
                                                }
                                              ],
                                              "fieldRef": [
                                                "object",
                                                {
                                                  "apiVersion": "string",
                                                  "fieldPath": "string"
                                                }
                                              ],
                                              "fileKeyRef": [
                                                "object",
                                                {
                                                  "key": "string",
                                                  "optional": "bool",
                                                  "path": "string",
                                                  "volumeName": "string"
                                                }
                                              ],
                                              "resourceFieldRef": [
                                                "object",
                                                {
                                                  "containerName": "string",
                                                  "divisor": "string",
                                                  "resource": "string"
                                                }
                                              ],
                                              "secretKeyRef": [
                                                "object",
                                                {
                                                  "key": "string",
                                                  "name": "string",
                                                  "optional": "bool"
                                                }
                                              ]
                                            }
                                          ]
                                        }
                                      ]
                                    ],
                                    "envFrom": [
                                      "list",
                                      [
                                        "object",
                                        {
                                          "configMapRef": [
                                            "object",
                                            {
                                              "name": "string",
                                              "optional": "bool"
                                            }
                                          ],
                                          "prefix": "string",
                                          "secretRef": [
                                            "object",
                                            {
                                              "name": "string",
                                              "optional": "bool"
                                            }
                                          ]
                                        }
                                      ]
                                    ],
                                    "image": "string",
                                    "imagePullPolicy": "string",
                                    "lifecycle": [
                                      "object",
                                      {
                                        "postStart": [
                                          "object",
                                          {
                                            "exec": [
                                              "object",
                                              {
                                                "command": [
                                                  "list",
                                                  "string"
                                                ]
                                              }
                                            ],
                                            "httpGet": [
                                              "object",
                                              {
                                                "host": "string",
                                                "httpHeaders": [
                                                  "list",
                                                  [
                                                    "object",
                                                    {
                                                      "name": "string",
                                                      "value": "string"
                                                    }
                                                  ]
                                                ],
                                                "path": "string",
                                                "port": "string",
                                                "scheme": "string"
                                              }
                                            ],
                                            "sleep": [
                                              "object",
                                              {
                                                "seconds": "number"
                                              }
                                            ],
                                            "tcpSocket": [
                                              "object",
                                              {
                                                "host": "string",
                                                "port": "string"
                                              }
                                            ]
                                          }
                                        ],
                                        "preStop": [
                                          "object",
                                          {
                                            "exec": [
                                              "object",
                                              {
                                                "command": [
                                                  "list",
                                                  "string"
                                                ]
                                              }
                                            ],
                                            "httpGet": [
                                              "object",
                                              {
                                                "host": "string",
                                                "httpHeaders": [
                                                  "list",
                                                  [
                                                    "object",
                                                    {
                                                      "name": "string",
                                                      "value": "string"
                                                    }
                                                  ]
                                                ],
                                                "path": "string",
                                                "port": "string",
                                                "scheme": "string"
                                              }
                                            ],
                                            "sleep": [
                                              "object",
                                              {
                                                "seconds": "number"
                                              }
                                            ],
                                            "tcpSocket": [
                                              "object",
                                              {
                                                "host": "string",
                                                "port": "string"
                                              }
                                            ]
                                          }
                                        ],
                                        "stopSignal": "string"
                                      }
                                    ],
                                    "livenessProbe": [
                                      "object",
                                      {
                                        "exec": [
                                          "object",
                                          {
                                            "command": [
                                              "list",
                                              "string"
                                            ]
                                          }
                                        ],
                                        "failureThreshold": "number",
                                        "grpc": [
                                          "object",
                                          {
                                            "port": "number",
                                            "service": "string"
                                          }
                                        ],
                                        "httpGet": [
                                          "object",
                                          {
                                            "host": "string",
                                            "httpHeaders": [
                                              "list",
                                              [
                                                "object",
                                                {
                                                  "name": "string",
                                                  "value": "string"
                                                }
                                              ]
                                            ],
                                            "path": "string",
                                            "port": "string",
                                            "scheme": "string"
                                          }
                                        ],
                                        "initialDelaySeconds": "number",
                                        "periodSeconds": "number",
                                        "successThreshold": "number",
                                        "tcpSocket": [
                                          "object",
                                          {
                                            "host": "string",
                                            "port": "string"
                                          }
                                        ],
                                        "terminationGracePeriodSeconds": "number",
                                        "timeoutSeconds": "number"
                                      }
                                    ],
                                    "name": "string",
                                    "ports": [
                                      "list",
                                      [
                                        "object",
                                        {
                                          "containerPort": "number",
                                          "hostIP": "string",
                                          "hostPort": "number",
                                          "name": "string",
                                          "protocol": "string"
                                        }
                                      ]
                                    ],
                                    "readinessProbe": [
                                      "object",
                                      {
                                        "exec": [
                                          "object",
                                          {
                                            "command": [
                                              "list",
                                              "string"
                                            ]
                                          }
                                        ],
                                        "failureThreshold": "number",
                                        "grpc": [
                                          "object",
                                          {
                                            "port": "number",
                                            "service": "string"
                                          }
                                        ],
                                        "httpGet": [
                                          "object",
                                          {
                                            "host": "string",
                                            "httpHeaders": [
                                              "list",
                                              [
                                                "object",
                                                {
                                                  "name": "string",
                                                  "value": "string"
                                                }
                                              ]
                                            ],
                                            "path": "string",
                                            "port": "string",
                                            "scheme": "string"
                                          }
                                        ],
                                        "initialDelaySeconds": "number",
                                        "periodSeconds": "number",
                                        "successThreshold": "number",
                                        "tcpSocket": [
                                          "object",
                                          {
                                            "host": "string",
                                            "port": "string"
                                          }
                                        ],
                                        "terminationGracePeriodSeconds": "number",
                                        "timeoutSeconds": "number"
                                      }
                                    ],
                                    "resizePolicy": [
                                      "list",
                                      [
                                        "object",
                                        {
                                          "resourceName": "string",
                                          "restartPolicy": "string"
                                        }
                                      ]
                                    ],
                                    "resources": [
                                      "object",
                                      {
                                        "claims": [
                                          "list",
                                          [
                                            "object",
                                            {
                                              "name": "string",
                                              "request": "string"
                                            }
                                          ]
                                        ],
                                        "limits": [
                                          "map",
                                          "string"
                                        ],
                                        "requests": [
                                          "map",
                                          "string"
                                        ]
                                      }
                                    ],
                                    "restartPolicy": "string",
                                    "restartPolicyRules": [
                                      "list",
                                      [
                                        "object",
                                        {
                                          "action": "string",
                                          "exitCodes": [
                                            "object",
                                            {
                                              "operator": "string",
                                              "values": [
                                                "list",
                                                "number"
                                              ]
                                            }
                                          ]
                                        }
                                      ]
                                    ],
                                    "securityContext": [
                                      "object",
                                      {
                                        "allowPrivilegeEscalation": "bool",
                                        "appArmorProfile": [
                                          "object",
                                          {
                                            "localhostProfile": "string",
                                            "type": "string"
                                          }
                                        ],
                                        "capabilities": [
                                          "object",
                                          {
                                            "add": [
                                              "list",
                                              "string"
                                            ],
                                            "drop": [
                                              "list",
                                              "string"
                                            ]
                                          }
                                        ],
                                        "privileged": "bool",
                                        "procMount": "string",
                                        "readOnlyRootFilesystem": "bool",
                                        "runAsGroup": "number",
                                        "runAsNonRoot": "bool",
                                        "runAsUser": "number",
                                        "seLinuxOptions": [
                                          "object",
                                          {
                                            "level": "string",
                                            "role": "string",
                                            "type": "string",
                                            "user": "string"
                                          }
                                        ],
                                        "seccompProfile": [
                                          "object",
                                          {
                                            "localhostProfile": "string",
                                            "type": "string"
                                          }
                                        ],
                                        "windowsOptions": [
                                          "object",
                                          {
                                            "gmsaCredentialSpec": "string",
                                            "gmsaCredentialSpecName": "string",
                                            "hostProcess": "bool",
                                            "runAsUserName": "string"
                                          }
                                        ]
                                      }
                                    ],
                                    "startupProbe": [
                                      "object",
                                      {
                                        "exec": [
                                          "object",
                                          {
                                            "command": [
                                              "list",
                                              "string"
                                            ]
                                          }
                                        ],
                                        "failureThreshold": "number",
                                        "grpc": [
                                          "object",
                                          {
                                            "port": "number",
                                            "service": "string"
                                          }
                                        ],
                                        "httpGet": [
                                          "object",
                                          {
                                            "host": "string",
                                            "httpHeaders": [
                                              "list",
                                              [
                                                "object",
                                                {
                                                  "name": "string",
                                                  "value": "string"
                                                }
                                              ]
                                            ],
                                            "path": "string",
                                            "port": "string",
                                            "scheme": "string"
                                          }
                                        ],
                                        "initialDelaySeconds": "number",
                                        "periodSeconds": "number",
                                        "successThreshold": "number",
                                        "tcpSocket": [
                                          "object",
                                          {
                                            "host": "string",
                                            "port": "string"
                                          }
                                        ],
                                        "terminationGracePeriodSeconds": "number",
                                        "timeoutSeconds": "number"
                                      }
                                    ],
                                    "stdin": "bool",
                                    "stdinOnce": "bool",
                                    "terminationMessagePath": "string",
                                    "terminationMessagePolicy": "string",
                                    "tty": "bool",
                                    "volumeDevices": [
                                      "list",
                                      [
                                        "object",
                                        {
                                          "devicePath": "string",
                                          "name": "string"
                                        }
                                      ]
                                    ],
                                    "volumeMounts": [
                                      "list",
                                      [
                                        "object",
                                        {
                                          "mountPath": "string",
                                          "mountPropagation": "string",
                                          "name": "string",
                                          "readOnly": "bool",
                                          "recursiveReadOnly": "string",
                                          "subPath": "string",
                                          "subPathExpr": "string"
                                        }
                                      ]
                                    ],
                                    "workingDir": "string"
                                  }
                                ]
                              ],
                              "dnsConfig": [
                                "object",
                                {
                                  "nameservers": [
                                    "list",
                                    "string"
                                  ],
                                  "options": [
                                    "list",
                                    [
                                      "object",
                                      {
                                        "name": "string",
                                        "value": "string"
                                      }
                                    ]
                                  ],
                                  "searches": [
                                    "list",
                                    "string"
                                  ]
                                }
                              ],
                              "dnsPolicy": "string",
                              "enableServiceLinks": "bool",
                              "ephemeralContainers": [
                                "list",
                                [
                                  "object",
                                  {
                                    "args": [
                                      "list",
                                      "string"
                                    ],
                                    "command": [
                                      "list",
                                      "string"
                                    ],
                                    "env": [
                                      "list",
                                      [
                                        "object",
                                        {
                                          "name": "string",
                                          "value": "string",
                                          "valueFrom": [
                                            "object",
                                            {
                                              "configMapKeyRef": [
                                                "object",
                                                {
                                                  "key": "string",
                                                  "name": "string",
                                                  "optional": "bool"
                                                }
                                              ],
                                              "fieldRef": [
                                                "object",
                                                {
                                                  "apiVersion": "string",
                                                  "fieldPath": "string"
                                                }
                                              ],
                                              "fileKeyRef": [
                                                "object",
                                                {
                                                  "key": "string",
                                                  "optional": "bool",
                                                  "path": "string",
                                                  "volumeName": "string"
                                                }
                                              ],
                                              "resourceFieldRef": [
                                                "object",
                                                {
                                                  "containerName": "string",
                                                  "divisor": "string",
                                                  "resource": "string"
                                                }
                                              ],
                                              "secretKeyRef": [
                                                "object",
                                                {
                                                  "key": "string",
                                                  "name": "string",
                                                  "optional": "bool"
                                                }
                                              ]
                                            }
                                          ]
                                        }
                                      ]
                                    ],
                                    "envFrom": [
                                      "list",
                                      [
                                        "object",
                                        {
                                          "configMapRef": [
                                            "object",
                                            {
                                              "name": "string",
                                              "optional": "bool"
                                            }
                                          ],
                                          "prefix": "string",
                                          "secretRef": [
                                            "object",
                                            {
                                              "name": "string",
                                              "optional": "bool"
                                            }
                                          ]
                                        }
                                      ]
                                    ],
                                    "image": "string",
                                    "imagePullPolicy": "string",
                                    "lifecycle": [
                                      "object",
                                      {
                                        "postStart": [
                                          "object",
                                          {
                                            "exec": [
                                              "object",
                                              {
                                                "command": [
                                                  "list",
                                                  "string"
                                                ]
                                              }
                                            ],
                                            "httpGet": [
                                              "object",
                                              {
                                                "host": "string",
                                                "httpHeaders": [
                                                  "list",
                                                  [
                                                    "object",
                                                    {
                                                      "name": "string",
                                                      "value": "string"
                                                    }
                                                  ]
                                                ],
                                                "path": "string",
                                                "port": "string",
                                                "scheme": "string"
                                              }
                                            ],
                                            "sleep": [
                                              "object",
                                              {
                                                "seconds": "number"
                                              }
                                            ],
                                            "tcpSocket": [
                                              "object",
                                              {
                                                "host": "string",
                                                "port": "string"
                                              }
                                            ]
                                          }
                                        ],
                                        "preStop": [
                                          "object",
                                          {
                                            "exec": [
                                              "object",
                                              {
                                                "command": [
                                                  "list",
                                                  "string"
                                                ]
                                              }
                                            ],
                                            "httpGet": [
                                              "object",
                                              {
                                                "host": "string",
                                                "httpHeaders": [
                                                  "list",
                                                  [
                                                    "object",
                                                    {
                                                      "name": "string",
                                                      "value": "string"
                                                    }
                                                  ]
                                                ],
                                                "path": "string",
                                                "port": "string",
                                                "scheme": "string"
                                              }
                                            ],
                                            "sleep": [
                                              "object",
                                              {
                                                "seconds": "number"
                                              }
                                            ],
                                            "tcpSocket": [
                                              "object",
                                              {
                                                "host": "string",
                                                "port": "string"
                                              }
                                            ]
                                          }
                                        ],
                                        "stopSignal": "string"
                                      }
                                    ],
                                    "livenessProbe": [
                                      "object",
                                      {
                                        "exec": [
                                          "object",
                                          {
                                            "command": [
                                              "list",
                                              "string"
                                            ]
                                          }
                                        ],
                                        "failureThreshold": "number",
                                        "grpc": [
                                          "object",
                                          {
                                            "port": "number",
                                            "service": "string"
                                          }
                                        ],
                                        "httpGet": [
                                          "object",
                                          {
                                            "host": "string",
                                            "httpHeaders": [
                                              "list",
                                              [
                                                "object",
                                                {
                                                  "name": "string",
                                                  "value": "string"
                                                }
                                              ]
                                            ],
                                            "path": "string",
                                            "port": "string",
                                            "scheme": "string"
                                          }
                                        ],
                                        "initialDelaySeconds": "number",
                                        "periodSeconds": "number",
                                        "successThreshold": "number",
                                        "tcpSocket": [
                                          "object",
                                          {
                                            "host": "string",
                                            "port": "string"
                                          }
                                        ],
                                        "terminationGracePeriodSeconds": "number",
                                        "timeoutSeconds": "number"
                                      }
                                    ],
                                    "name": "string",
                                    "ports": [
                                      "list",
                                      [
                                        "object",
                                        {
                                          "containerPort": "number",
                                          "hostIP": "string",
                                          "hostPort": "number",
                                          "name": "string",
                                          "protocol": "string"
                                        }
                                      ]
                                    ],
                                    "readinessProbe": [
                                      "object",
                                      {
                                        "exec": [
                                          "object",
                                          {
                                            "command": [
                                              "list",
                                              "string"
                                            ]
                                          }
                                        ],
                                        "failureThreshold": "number",
                                        "grpc": [
                                          "object",
                                          {
                                            "port": "number",
                                            "service": "string"
                                          }
                                        ],
                                        "httpGet": [
                                          "object",
                                          {
                                            "host": "string",
                                            "httpHeaders": [
                                              "list",
                                              [
                                                "object",
                                                {
                                                  "name": "string",
                                                  "value": "string"
                                                }
                                              ]
                                            ],
                                            "path": "string",
                                            "port": "string",
                                            "scheme": "string"
                                          }
                                        ],
                                        "initialDelaySeconds": "number",
                                        "periodSeconds": "number",
                                        "successThreshold": "number",
                                        "tcpSocket": [
                                          "object",
                                          {
                                            "host": "string",
                                            "port": "string"
                                          }
                                        ],
                                        "terminationGracePeriodSeconds": "number",
                                        "timeoutSeconds": "number"
                                      }
                                    ],
                                    "resizePolicy": [
                                      "list",
                                      [
                                        "object",
                                        {
                                          "resourceName": "string",
                                          "restartPolicy": "string"
                                        }
                                      ]
                                    ],
                                    "resources": [
                                      "object",
                                      {
                                        "claims": [
                                          "list",
                                          [
                                            "object",
                                            {
                                              "name": "string",
                                              "request": "string"
                                            }
                                          ]
                                        ],
                                        "limits": [
                                          "map",
                                          "string"
                                        ],
                                        "requests": [
                                          "map",
                                          "string"
                                        ]
                                      }
                                    ],
                                    "restartPolicy": "string",
                                    "restartPolicyRules": [
                                      "list",
                                      [
                                        "object",
                                        {
                                          "action": "string",
                                          "exitCodes": [
                                            "object",
                                            {
                                              "operator": "string",
                                              "values": [
                                                "list",
                                                "number"
                                              ]
                                            }
                                          ]
                                        }
                                      ]
                                    ],
                                    "securityContext": [
                                      "object",
                                      {
                                        "allowPrivilegeEscalation": "bool",
                                        "appArmorProfile": [
                                          "object",
                                          {
                                            "localhostProfile": "string",
                                            "type": "string"
                                          }
                                        ],
                                        "capabilities": [
                                          "object",
                                          {
                                            "add": [
                                              "list",
                                              "string"
                                            ],
                                            "drop": [
                                              "list",
                                              "string"
                                            ]
                                          }
                                        ],
                                        "privileged": "bool",
                                        "procMount": "string",
                                        "readOnlyRootFilesystem": "bool",
                                        "runAsGroup": "number",
                                        "runAsNonRoot": "bool",
                                        "runAsUser": "number",
                                        "seLinuxOptions": [
                                          "object",
                                          {
                                            "level": "string",
                                            "role": "string",
                                            "type": "string",
                                            "user": "string"
                                          }
                                        ],
                                        "seccompProfile": [
                                          "object",
                                          {
                                            "localhostProfile": "string",
                                            "type": "string"
                                          }
                                        ],
                                        "windowsOptions": [
                                          "object",
                                          {
                                            "gmsaCredentialSpec": "string",
                                            "gmsaCredentialSpecName": "string",
                                            "hostProcess": "bool",
                                            "runAsUserName": "string"
                                          }
                                        ]
                                      }
                                    ],
                                    "startupProbe": [
                                      "object",
                                      {
                                        "exec": [
                                          "object",
                                          {
                                            "command": [
                                              "list",
                                              "string"
                                            ]
                                          }
                                        ],
                                        "failureThreshold": "number",
                                        "grpc": [
                                          "object",
                                          {
                                            "port": "number",
                                            "service": "string"
                                          }
                                        ],
                                        "httpGet": [
                                          "object",
                                          {
                                            "host": "string",
                                            "httpHeaders": [
                                              "list",
                                              [
                                                "object",
                                                {
                                                  "name": "string",
                                                  "value": "string"
                                                }
                                              ]
                                            ],
                                            "path": "string",
                                            "port": "string",
                                            "scheme": "string"
                                          }
                                        ],
                                        "initialDelaySeconds": "number",
                                        "periodSeconds": "number",
                                        "successThreshold": "number",
                                        "tcpSocket": [
                                          "object",
                                          {
                                            "host": "string",
                                            "port": "string"
                                          }
                                        ],
                                        "terminationGracePeriodSeconds": "number",
                                        "timeoutSeconds": "number"
                                      }
                                    ],
                                    "stdin": "bool",
                                    "stdinOnce": "bool",
                                    "targetContainerName": "string",
                                    "terminationMessagePath": "string",
                                    "terminationMessagePolicy": "string",
                                    "tty": "bool",
                                    "volumeDevices": [
                                      "list",
                                      [
                                        "object",
                                        {
                                          "devicePath": "string",
                                          "name": "string"
                                        }
                                      ]
                                    ],
                                    "volumeMounts": [
                                      "list",
                                      [
                                        "object",
                                        {
                                          "mountPath": "string",
                                          "mountPropagation": "string",
                                          "name": "string",
                                          "readOnly": "bool",
                                          "recursiveReadOnly": "string",
                                          "subPath": "string",
                                          "subPathExpr": "string"
                                        }
                                      ]
                                    ],
                                    "workingDir": "string"
                                  }
                                ]
                              ],
                              "hostAliases": [
                                "list",
                                [
                                  "object",
                                  {
                                    "hostnames": [
                                      "list",
                                      "string"
                                    ],
                                    "ip": "string"
                                  }
                                ]
                              ],
                              "hostIPC": "bool",
                              "hostNetwork": "bool",
                              "hostPID": "bool",
                              "hostUsers": "bool",
                              "hostname": "string",
                              "hostnameOverride": "string",
                              "imagePullSecrets": [
                                "list",
                                [
                                  "object",
                                  {
                                    "name": "string"
                                  }
                                ]
                              ],
                              "initContainers": [
                                "list",
                                [
                                  "object",
                                  {
                                    "args": [
                                      "list",
                                      "string"
                                    ],
                                    "command": [
                                      "list",
                                      "string"
                                    ],
                                    "env": [
                                      "list",
                                      [
                                        "object",
                                        {
                                          "name": "string",
                                          "value": "string",
                                          "valueFrom": [
                                            "object",
                                            {
                                              "configMapKeyRef": [
                                                "object",
                                                {
                                                  "key": "string",
                                                  "name": "string",
                                                  "optional": "bool"
                                                }
                                              ],
                                              "fieldRef": [
                                                "object",
                                                {
                                                  "apiVersion": "string",
                                                  "fieldPath": "string"
                                                }
                                              ],
                                              "fileKeyRef": [
                                                "object",
                                                {
                                                  "key": "string",
                                                  "optional": "bool",
                                                  "path": "string",
                                                  "volumeName": "string"
                                                }
                                              ],
                                              "resourceFieldRef": [
                                                "object",
                                                {
                                                  "containerName": "string",
                                                  "divisor": "string",
                                                  "resource": "string"
                                                }
                                              ],
                                              "secretKeyRef": [
                                                "object",
                                                {
                                                  "key": "string",
                                                  "name": "string",
                                                  "optional": "bool"
                                                }
                                              ]
                                            }
                                          ]
                                        }
                                      ]
                                    ],
                                    "envFrom": [
                                      "list",
                                      [
                                        "object",
                                        {
                                          "configMapRef": [
                                            "object",
                                            {
                                              "name": "string",
                                              "optional": "bool"
                                            }
                                          ],
                                          "prefix": "string",
                                          "secretRef": [
                                            "object",
                                            {
                                              "name": "string",
                                              "optional": "bool"
                                            }
                                          ]
                                        }
                                      ]
                                    ],
                                    "image": "string",
                                    "imagePullPolicy": "string",
                                    "lifecycle": [
                                      "object",
                                      {
                                        "postStart": [
                                          "object",
                                          {
                                            "exec": [
                                              "object",
                                              {
                                                "command": [
                                                  "list",
                                                  "string"
                                                ]
                                              }
                                            ],
                                            "httpGet": [
                                              "object",
                                              {
                                                "host": "string",
                                                "httpHeaders": [
                                                  "list",
                                                  [
                                                    "object",
                                                    {
                                                      "name": "string",
                                                      "value": "string"
                                                    }
                                                  ]
                                                ],
                                                "path": "string",
                                                "port": "string",
                                                "scheme": "string"
                                              }
                                            ],
                                            "sleep": [
                                              "object",
                                              {
                                                "seconds": "number"
                                              }
                                            ],
                                            "tcpSocket": [
                                              "object",
                                              {
                                                "host": "string",
                                                "port": "string"
                                              }
                                            ]
                                          }
                                        ],
                                        "preStop": [
                                          "object",
                                          {
                                            "exec": [
                                              "object",
                                              {
                                                "command": [
                                                  "list",
                                                  "string"
                                                ]
                                              }
                                            ],
                                            "httpGet": [
                                              "object",
                                              {
                                                "host": "string",
                                                "httpHeaders": [
                                                  "list",
                                                  [
                                                    "object",
                                                    {
                                                      "name": "string",
                                                      "value": "string"
                                                    }
                                                  ]
                                                ],
                                                "path": "string",
                                                "port": "string",
                                                "scheme": "string"
                                              }
                                            ],
                                            "sleep": [
                                              "object",
                                              {
                                                "seconds": "number"
                                              }
                                            ],
                                            "tcpSocket": [
                                              "object",
                                              {
                                                "host": "string",
                                                "port": "string"
                                              }
                                            ]
                                          }
                                        ],
                                        "stopSignal": "string"
                                      }
                                    ],
                                    "livenessProbe": [
                                      "object",
                                      {
                                        "exec": [
                                          "object",
                                          {
                                            "command": [
                                              "list",
                                              "string"
                                            ]
                                          }
                                        ],
                                        "failureThreshold": "number",
                                        "grpc": [
                                          "object",
                                          {
                                            "port": "number",
                                            "service": "string"
                                          }
                                        ],
                                        "httpGet": [
                                          "object",
                                          {
                                            "host": "string",
                                            "httpHeaders": [
                                              "list",
                                              [
                                                "object",
                                                {
                                                  "name": "string",
                                                  "value": "string"
                                                }
                                              ]
                                            ],
                                            "path": "string",
                                            "port": "string",
                                            "scheme": "string"
                                          }
                                        ],
                                        "initialDelaySeconds": "number",
                                        "periodSeconds": "number",
                                        "successThreshold": "number",
                                        "tcpSocket": [
                                          "object",
                                          {
                                            "host": "string",
                                            "port": "string"
                                          }
                                        ],
                                        "terminationGracePeriodSeconds": "number",
                                        "timeoutSeconds": "number"
                                      }
                                    ],
                                    "name": "string",
                                    "ports": [
                                      "list",
                                      [
                                        "object",
                                        {
                                          "containerPort": "number",
                                          "hostIP": "string",
                                          "hostPort": "number",
                                          "name": "string",
                                          "protocol": "string"
                                        }
                                      ]
                                    ],
                                    "readinessProbe": [
                                      "object",
                                      {
                                        "exec": [
                                          "object",
                                          {
                                            "command": [
                                              "list",
                                              "string"
                                            ]
                                          }
                                        ],
                                        "failureThreshold": "number",
                                        "grpc": [
                                          "object",
                                          {
                                            "port": "number",
                                            "service": "string"
                                          }
                                        ],
                                        "httpGet": [
                                          "object",
                                          {
                                            "host": "string",
                                            "httpHeaders": [
                                              "list",
                                              [
                                                "object",
                                                {
                                                  "name": "string",
                                                  "value": "string"
                                                }
                                              ]
                                            ],
                                            "path": "string",
                                            "port": "string",
                                            "scheme": "string"
                                          }
                                        ],
                                        "initialDelaySeconds": "number",
                                        "periodSeconds": "number",
                                        "successThreshold": "number",
                                        "tcpSocket": [
                                          "object",
                                          {
                                            "host": "string",
                                            "port": "string"
                                          }
                                        ],
                                        "terminationGracePeriodSeconds": "number",
                                        "timeoutSeconds": "number"
                                      }
                                    ],
                                    "resizePolicy": [
                                      "list",
                                      [
                                        "object",
                                        {
                                          "resourceName": "string",
                                          "restartPolicy": "string"
                                        }
                                      ]
                                    ],
                                    "resources": [
                                      "object",
                                      {
                                        "claims": [
                                          "list",
                                          [
                                            "object",
                                            {
                                              "name": "string",
                                              "request": "string"
                                            }
                                          ]
                                        ],
                                        "limits": [
                                          "map",
                                          "string"
                                        ],
                                        "requests": [
                                          "map",
                                          "string"
                                        ]
                                      }
                                    ],
                                    "restartPolicy": "string",
                                    "restartPolicyRules": [
                                      "list",
                                      [
                                        "object",
                                        {
                                          "action": "string",
                                          "exitCodes": [
                                            "object",
                                            {
                                              "operator": "string",
                                              "values": [
                                                "list",
                                                "number"
                                              ]
                                            }
                                          ]
                                        }
                                      ]
                                    ],
                                    "securityContext": [
                                      "object",
                                      {
                                        "allowPrivilegeEscalation": "bool",
                                        "appArmorProfile": [
                                          "object",
                                          {
                                            "localhostProfile": "string",
                                            "type": "string"
                                          }
                                        ],
                                        "capabilities": [
                                          "object",
                                          {
                                            "add": [
                                              "list",
                                              "string"
                                            ],
                                            "drop": [
                                              "list",
                                              "string"
                                            ]
                                          }
                                        ],
                                        "privileged": "bool",
                                        "procMount": "string",
                                        "readOnlyRootFilesystem": "bool",
                                        "runAsGroup": "number",
                                        "runAsNonRoot": "bool",
                                        "runAsUser": "number",
                                        "seLinuxOptions": [
                                          "object",
                                          {
                                            "level": "string",
                                            "role": "string",
                                            "type": "string",
                                            "user": "string"
                                          }
                                        ],
                                        "seccompProfile": [
                                          "object",
                                          {
                                            "localhostProfile": "string",
                                            "type": "string"
                                          }
                                        ],
                                        "windowsOptions": [
                                          "object",
                                          {
                                            "gmsaCredentialSpec": "string",
                                            "gmsaCredentialSpecName": "string",
                                            "hostProcess": "bool",
                                            "runAsUserName": "string"
                                          }
                                        ]
                                      }
                                    ],
                                    "startupProbe": [
                                      "object",
                                      {
                                        "exec": [
                                          "object",
                                          {
                                            "command": [
                                              "list",
                                              "string"
                                            ]
                                          }
                                        ],
                                        "failureThreshold": "number",
                                        "grpc": [
                                          "object",
                                          {
                                            "port": "number",
                                            "service": "string"
                                          }
                                        ],
                                        "httpGet": [
                                          "object",
                                          {
                                            "host": "string",
                                            "httpHeaders": [
                                              "list",
                                              [
                                                "object",
                                                {
                                                  "name": "string",
                                                  "value": "string"
                                                }
                                              ]
                                            ],
                                            "path": "string",
                                            "port": "string",
                                            "scheme": "string"
                                          }
                                        ],
                                        "initialDelaySeconds": "number",
                                        "periodSeconds": "number",
                                        "successThreshold": "number",
                                        "tcpSocket": [
                                          "object",
                                          {
                                            "host": "string",
                                            "port": "string"
                                          }
                                        ],
                                        "terminationGracePeriodSeconds": "number",
                                        "timeoutSeconds": "number"
                                      }
                                    ],
                                    "stdin": "bool",
                                    "stdinOnce": "bool",
                                    "terminationMessagePath": "string",
                                    "terminationMessagePolicy": "string",
                                    "tty": "bool",
                                    "volumeDevices": [
                                      "list",
                                      [
                                        "object",
                                        {
                                          "devicePath": "string",
                                          "name": "string"
                                        }
                                      ]
                                    ],
                                    "volumeMounts": [
                                      "list",
                                      [
                                        "object",
                                        {
                                          "mountPath": "string",
                                          "mountPropagation": "string",
                                          "name": "string",
                                          "readOnly": "bool",
                                          "recursiveReadOnly": "string",
                                          "subPath": "string",
                                          "subPathExpr": "string"
                                        }
                                      ]
                                    ],
                                    "workingDir": "string"
                                  }
                                ]
                              ],
                              "nodeName": "string",
                              "nodeSelector": [
                                "map",
                                "string"
                              ],
                              "os": [
                                "object",
                                {
                                  "name": "string"
                                }
                              ],
                              "overhead": [
                                "map",
                                "string"
                              ],
                              "preemptionPolicy": "string",
                              "priority": "number",
                              "priorityClassName": "string",
                              "readinessGates": [
                                "list",
                                [
                                  "object",
                                  {
                                    "conditionType": "string"
                                  }
                                ]
                              ],
                              "resourceClaims": [
                                "list",
                                [
                                  "object",
                                  {
                                    "name": "string",
                                    "resourceClaimName": "string",
                                    "resourceClaimTemplateName": "string"
                                  }
                                ]
                              ],
                              "resources": [
                                "object",
                                {
                                  "claims": [
                                    "list",
                                    [
                                      "object",
                                      {
                                        "name": "string",
                                        "request": "string"
                                      }
                                    ]
                                  ],
                                  "limits": [
                                    "map",
                                    "string"
                                  ],
                                  "requests": [
                                    "map",
                                    "string"
                                  ]
                                }
                              ],
                              "restartPolicy": "string",
                              "runtimeClassName": "string",
                              "schedulerName": "string",
                              "schedulingGates": [
                                "list",
                                [
                                  "object",
                                  {
                                    "name": "string"
                                  }
                                ]
                              ],
                              "schedulingGroup": [
                                "object",
                                {
                                  "podGroupName": "string"
                                }
                              ],
                              "securityContext": [
                                "object",
                                {
                                  "appArmorProfile": [
                                    "object",
                                    {
                                      "localhostProfile": "string",
                                      "type": "string"
                                    }
                                  ],
                                  "fsGroup": "number",
                                  "fsGroupChangePolicy": "string",
                                  "runAsGroup": "number",
                                  "runAsNonRoot": "bool",
                                  "runAsUser": "number",
                                  "seLinuxChangePolicy": "string",
                                  "seLinuxOptions": [
                                    "object",
                                    {
                                      "level": "string",
                                      "role": "string",
                                      "type": "string",
                                      "user": "string"
                                    }
                                  ],
                                  "seccompProfile": [
                                    "object",
                                    {
                                      "localhostProfile": "string",
                                      "type": "string"
                                    }
                                  ],
                                  "supplementalGroups": [
                                    "list",
                                    "number"
                                  ],
                                  "supplementalGroupsPolicy": "string",
                                  "sysctls": [
                                    "list",
                                    [
                                      "object",
                                      {
                                        "name": "string",
                                        "value": "string"
                                      }
                                    ]
                                  ],
                                  "windowsOptions": [
                                    "object",
                                    {
                                      "gmsaCredentialSpec": "string",
                                      "gmsaCredentialSpecName": "string",
                                      "hostProcess": "bool",
                                      "runAsUserName": "string"
                                    }
                                  ]
                                }
                              ],
                              "serviceAccount": "string",
                              "serviceAccountName": "string",
                              "setHostnameAsFQDN": "bool",
                              "shareProcessNamespace": "bool",
                              "subdomain": "string",
                              "terminationGracePeriodSeconds": "number",
                              "tolerations": [
                                "list",
                                [
                                  "object",
                                  {
                                    "effect": "string",
                                    "key": "string",
                                    "operator": "string",
                                    "tolerationSeconds": "number",
                                    "value": "string"
                                  }
                                ]
                              ],
                              "topologySpreadConstraints": [
                                "list",
                                [
                                  "object",
                                  {
                                    "labelSelector": [
                                      "object",
                                      {
                                        "matchExpressions": [
                                          "list",
                                          [
                                            "object",
                                            {
                                              "key": "string",
                                              "operator": "string",
                                              "values": [
                                                "list",
                                                "string"
                                              ]
                                            }
                                          ]
                                        ],
                                        "matchLabels": [
                                          "map",
                                          "string"
                                        ]
                                      }
                                    ],
                                    "matchLabelKeys": [
                                      "list",
                                      "string"
                                    ],
                                    "maxSkew": "number",
                                    "minDomains": "number",
                                    "nodeAffinityPolicy": "string",
                                    "nodeTaintsPolicy": "string",
                                    "topologyKey": "string",
                                    "whenUnsatisfiable": "string"
                                  }
                                ]
                              ],
                              "volumes": [
                                "tuple",
                                [
                                  [
                                    "object",
                                    {
                                      "awsElasticBlockStore": [
                                        "object",
                                        {
                                          "fsType": "string",
                                          "partition": "number",
                                          "readOnly": "bool",
                                          "volumeID": "string"
                                        }
                                      ],
                                      "azureDisk": [
                                        "object",
                                        {
                                          "cachingMode": "string",
                                          "diskName": "string",
                                          "diskURI": "string",
                                          "fsType": "string",
                                          "kind": "string",
                                          "readOnly": "bool"
                                        }
                                      ],
                                      "azureFile": [
                                        "object",
                                        {
                                          "readOnly": "bool",
                                          "secretName": "string",
                                          "shareName": "string"
                                        }
                                      ],
                                      "cephfs": [
                                        "object",
                                        {
                                          "monitors": [
                                            "list",
                                            "string"
                                          ],
                                          "path": "string",
                                          "readOnly": "bool",
                                          "secretFile": "string",
                                          "secretRef": [
                                            "object",
                                            {
                                              "name": "string"
                                            }
                                          ],
                                          "user": "string"
                                        }
                                      ],
                                      "cinder": [
                                        "object",
                                        {
                                          "fsType": "string",
                                          "readOnly": "bool",
                                          "secretRef": [
                                            "object",
                                            {
                                              "name": "string"
                                            }
                                          ],
                                          "volumeID": "string"
                                        }
                                      ],
                                      "configMap": [
                                        "object",
                                        {
                                          "defaultMode": "number",
                                          "items": [
                                            "list",
                                            [
                                              "object",
                                              {
                                                "key": "string",
                                                "mode": "number",
                                                "path": "string"
                                              }
                                            ]
                                          ],
                                          "name": "string",
                                          "optional": "bool"
                                        }
                                      ],
                                      "csi": [
                                        "object",
                                        {
                                          "driver": "string",
                                          "fsType": "string",
                                          "nodePublishSecretRef": [
                                            "object",
                                            {
                                              "name": "string"
                                            }
                                          ],
                                          "readOnly": "bool",
                                          "volumeAttributes": [
                                            "map",
                                            "string"
                                          ]
                                        }
                                      ],
                                      "downwardAPI": [
                                        "object",
                                        {
                                          "defaultMode": "number",
                                          "items": [
                                            "list",
                                            [
                                              "object",
                                              {
                                                "fieldRef": [
                                                  "object",
                                                  {
                                                    "apiVersion": "string",
                                                    "fieldPath": "string"
                                                  }
                                                ],
                                                "mode": "number",
                                                "path": "string",
                                                "resourceFieldRef": [
                                                  "object",
                                                  {
                                                    "containerName": "string",
                                                    "divisor": "string",
                                                    "resource": "string"
                                                  }
                                                ]
                                              }
                                            ]
                                          ]
                                        }
                                      ],
                                      "emptyDir": [
                                        "object",
                                        {
                                          "medium": "string",
                                          "sizeLimit": "string"
                                        }
                                      ],
                                      "ephemeral": [
                                        "object",
                                        {
                                          "volumeClaimTemplate": [
                                            "object",
                                            {
                                              "metadata": [
                                                "object",
                                                {
                                                  "annotations": [
                                                    "map",
                                                    "string"
                                                  ],
                                                  "creationTimestamp": "string",
                                                  "deletionGracePeriodSeconds": "number",
                                                  "deletionTimestamp": "string",
                                                  "finalizers": [
                                                    "list",
                                                    "string"
                                                  ],
                                                  "generateName": "string",
                                                  "generation": "number",
                                                  "labels": [
                                                    "map",
                                                    "string"
                                                  ],
                                                  "managedFields": [
                                                    "tuple",
                                                    [
                                                      [
                                                        "object",
                                                        {
                                                          "apiVersion": "string",
                                                          "fieldsType": "string",
                                                          "fieldsV1": "dynamic",
                                                          "manager": "string",
                                                          "operation": "string",
                                                          "subresource": "string",
                                                          "time": "string"
                                                        }
                                                      ]
                                                    ]
                                                  ],
                                                  "name": "string",
                                                  "namespace": "string",
                                                  "ownerReferences": [
                                                    "list",
                                                    [
                                                      "object",
                                                      {
                                                        "apiVersion": "string",
                                                        "blockOwnerDeletion": "bool",
                                                        "controller": "bool",
                                                        "kind": "string",
                                                        "name": "string",
                                                        "uid": "string"
                                                      }
                                                    ]
                                                  ],
                                                  "resourceVersion": "string",
                                                  "selfLink": "string",
                                                  "uid": "string"
                                                }
                                              ],
                                              "spec": [
                                                "object",
                                                {
                                                  "accessModes": [
                                                    "list",
                                                    "string"
                                                  ],
                                                  "dataSource": [
                                                    "object",
                                                    {
                                                      "apiGroup": "string",
                                                      "kind": "string",
                                                      "name": "string"
                                                    }
                                                  ],
                                                  "dataSourceRef": [
                                                    "object",
                                                    {
                                                      "apiGroup": "string",
                                                      "kind": "string",
                                                      "name": "string",
                                                      "namespace": "string"
                                                    }
                                                  ],
                                                  "resources": [
                                                    "object",
                                                    {
                                                      "limits": [
                                                        "map",
                                                        "string"
                                                      ],
                                                      "requests": [
                                                        "map",
                                                        "string"
                                                      ]
                                                    }
                                                  ],
                                                  "selector": [
                                                    "object",
                                                    {
                                                      "matchExpressions": [
                                                        "list",
                                                        [
                                                          "object",
                                                          {
                                                            "key": "string",
                                                            "operator": "string",
                                                            "values": [
                                                              "list",
                                                              "string"
                                                            ]
                                                          }
                                                        ]
                                                      ],
                                                      "matchLabels": [
                                                        "map",
                                                        "string"
                                                      ]
                                                    }
                                                  ],
                                                  "storageClassName": "string",
                                                  "volumeAttributesClassName": "string",
                                                  "volumeMode": "string",
                                                  "volumeName": "string"
                                                }
                                              ]
                                            }
                                          ]
                                        }
                                      ],
                                      "fc": [
                                        "object",
                                        {
                                          "fsType": "string",
                                          "lun": "number",
                                          "readOnly": "bool",
                                          "targetWWNs": [
                                            "list",
                                            "string"
                                          ],
                                          "wwids": [
                                            "list",
                                            "string"
                                          ]
                                        }
                                      ],
                                      "flexVolume": [
                                        "object",
                                        {
                                          "driver": "string",
                                          "fsType": "string",
                                          "options": [
                                            "map",
                                            "string"
                                          ],
                                          "readOnly": "bool",
                                          "secretRef": [
                                            "object",
                                            {
                                              "name": "string"
                                            }
                                          ]
                                        }
                                      ],
                                      "flocker": [
                                        "object",
                                        {
                                          "datasetName": "string",
                                          "datasetUUID": "string"
                                        }
                                      ],
                                      "gcePersistentDisk": [
                                        "object",
                                        {
                                          "fsType": "string",
                                          "partition": "number",
                                          "pdName": "string",
                                          "readOnly": "bool"
                                        }
                                      ],
                                      "gitRepo": [
                                        "object",
                                        {
                                          "directory": "string",
                                          "repository": "string",
                                          "revision": "string"
                                        }
                                      ],
                                      "glusterfs": [
                                        "object",
                                        {
                                          "endpoints": "string",
                                          "path": "string",
                                          "readOnly": "bool"
                                        }
                                      ],
                                      "hostPath": [
                                        "object",
                                        {
                                          "path": "string",
                                          "type": "string"
                                        }
                                      ],
                                      "image": [
                                        "object",
                                        {
                                          "pullPolicy": "string",
                                          "reference": "string"
                                        }
                                      ],
                                      "iscsi": [
                                        "object",
                                        {
                                          "chapAuthDiscovery": "bool",
                                          "chapAuthSession": "bool",
                                          "fsType": "string",
                                          "initiatorName": "string",
                                          "iqn": "string",
                                          "iscsiInterface": "string",
                                          "lun": "number",
                                          "portals": [
                                            "list",
                                            "string"
                                          ],
                                          "readOnly": "bool",
                                          "secretRef": [
                                            "object",
                                            {
                                              "name": "string"
                                            }
                                          ],
                                          "targetPortal": "string"
                                        }
                                      ],
                                      "name": "string",
                                      "nfs": [
                                        "object",
                                        {
                                          "path": "string",
                                          "readOnly": "bool",
                                          "server": "string"
                                        }
                                      ],
                                      "persistentVolumeClaim": [
                                        "object",
                                        {
                                          "claimName": "string",
                                          "readOnly": "bool"
                                        }
                                      ],
                                      "photonPersistentDisk": [
                                        "object",
                                        {
                                          "fsType": "string",
                                          "pdID": "string"
                                        }
                                      ],
                                      "portworxVolume": [
                                        "object",
                                        {
                                          "fsType": "string",
                                          "readOnly": "bool",
                                          "volumeID": "string"
                                        }
                                      ],
                                      "projected": [
                                        "object",
                                        {
                                          "defaultMode": "number",
                                          "sources": [
                                            "list",
                                            [
                                              "object",
                                              {
                                                "clusterTrustBundle": [
                                                  "object",
                                                  {
                                                    "labelSelector": [
                                                      "object",
                                                      {
                                                        "matchExpressions": [
                                                          "list",
                                                          [
                                                            "object",
                                                            {
                                                              "key": "string",
                                                              "operator": "string",
                                                              "values": [
                                                                "list",
                                                                "string"
                                                              ]
                                                            }
                                                          ]
                                                        ],
                                                        "matchLabels": [
                                                          "map",
                                                          "string"
                                                        ]
                                                      }
                                                    ],
                                                    "name": "string",
                                                    "optional": "bool",
                                                    "path": "string",
                                                    "signerName": "string"
                                                  }
                                                ],
                                                "configMap": [
                                                  "object",
                                                  {
                                                    "items": [
                                                      "list",
                                                      [
                                                        "object",
                                                        {
                                                          "key": "string",
                                                          "mode": "number",
                                                          "path": "string"
                                                        }
                                                      ]
                                                    ],
                                                    "name": "string",
                                                    "optional": "bool"
                                                  }
                                                ],
                                                "downwardAPI": [
                                                  "object",
                                                  {
                                                    "items": [
                                                      "list",
                                                      [
                                                        "object",
                                                        {
                                                          "fieldRef": [
                                                            "object",
                                                            {
                                                              "apiVersion": "string",
                                                              "fieldPath": "string"
                                                            }
                                                          ],
                                                          "mode": "number",
                                                          "path": "string",
                                                          "resourceFieldRef": [
                                                            "object",
                                                            {
                                                              "containerName": "string",
                                                              "divisor": "string",
                                                              "resource": "string"
                                                            }
                                                          ]
                                                        }
                                                      ]
                                                    ]
                                                  }
                                                ],
                                                "podCertificate": [
                                                  "object",
                                                  {
                                                    "certificateChainPath": "string",
                                                    "credentialBundlePath": "string",
                                                    "keyPath": "string",
                                                    "keyType": "string",
                                                    "maxExpirationSeconds": "number",
                                                    "signerName": "string",
                                                    "userAnnotations": [
                                                      "map",
                                                      "string"
                                                    ]
                                                  }
                                                ],
                                                "secret": [
                                                  "object",
                                                  {
                                                    "items": [
                                                      "list",
                                                      [
                                                        "object",
                                                        {
                                                          "key": "string",
                                                          "mode": "number",
                                                          "path": "string"
                                                        }
                                                      ]
                                                    ],
                                                    "name": "string",
                                                    "optional": "bool"
                                                  }
                                                ],
                                                "serviceAccountToken": [
                                                  "object",
                                                  {
                                                    "audience": "string",
                                                    "expirationSeconds": "number",
                                                    "path": "string"
                                                  }
                                                ]
                                              }
                                            ]
                                          ]
                                        }
                                      ],
                                      "quobyte": [
                                        "object",
                                        {
                                          "group": "string",
                                          "readOnly": "bool",
                                          "registry": "string",
                                          "tenant": "string",
                                          "user": "string",
                                          "volume": "string"
                                        }
                                      ],
                                      "rbd": [
                                        "object",
                                        {
                                          "fsType": "string",
                                          "image": "string",
                                          "keyring": "string",
                                          "monitors": [
                                            "list",
                                            "string"
                                          ],
                                          "pool": "string",
                                          "readOnly": "bool",
                                          "secretRef": [
                                            "object",
                                            {
                                              "name": "string"
                                            }
                                          ],
                                          "user": "string"
                                        }
                                      ],
                                      "scaleIO": [
                                        "object",
                                        {
                                          "fsType": "string",
                                          "gateway": "string",
                                          "protectionDomain": "string",
                                          "readOnly": "bool",
                                          "secretRef": [
                                            "object",
                                            {
                                              "name": "string"
                                            }
                                          ],
                                          "sslEnabled": "bool",
                                          "storageMode": "string",
                                          "storagePool": "string",
                                          "system": "string",
                                          "volumeName": "string"
                                        }
                                      ],
                                      "secret": [
                                        "object",
                                        {
                                          "defaultMode": "number",
                                          "items": [
                                            "list",
                                            [
                                              "object",
                                              {
                                                "key": "string",
                                                "mode": "number",
                                                "path": "string"
                                              }
                                            ]
                                          ],
                                          "optional": "bool",
                                          "secretName": "string"
                                        }
                                      ],
                                      "storageos": [
                                        "object",
                                        {
                                          "fsType": "string",
                                          "readOnly": "bool",
                                          "secretRef": [
                                            "object",
                                            {
                                              "name": "string"
                                            }
                                          ],
                                          "volumeName": "string",
                                          "volumeNamespace": "string"
                                        }
                                      ],
                                      "vsphereVolume": [
                                        "object",
                                        {
                                          "fsType": "string",
                                          "storagePolicyID": "string",
                                          "storagePolicyName": "string",
                                          "volumePath": "string"
                                        }
                                      ]
                                    }
                                  ]
                                ]
                              ]
                            }
                          ]
                        }
                      ]
                    }
                  ]
                }
              ]
            },
            "timeouts": [],
            "wait": [],
            "wait_for": null
          },
          "sensitive_attributes": [],
          "identity_schema_version": 1,
          "identity": {
            "api_version": "apps/v1",
            "kind": "Deployment",
            "name": "mechanic-api",
            "namespace": "default"
          },
          "dependencies": [
            "kubernetes_manifest.configmap",
            "kubernetes_manifest.db_deployment",
            "kubernetes_manifest.db_service",
            "kubernetes_manifest.secret"
          ]
        }
      ]
    },
    {
      "mode": "managed",
      "type": "kubernetes_manifest",
      "name": "configmap",
      "provider": "provider[\"registry.terraform.io/hashicorp/kubernetes\"]",
      "instances": [
        {
          "schema_version": 1,
          "attributes": {
            "computed_fields": null,
            "field_manager": [],
            "manifest": {
              "value": {
                "apiVersion": "v1",
                "data": {
                  "environment": "Development"
                },
                "kind": "ConfigMap",
                "metadata": {
                  "name": "mechanic-config",
                  "namespace": "default"
                }
              },
              "type": [
                "object",
                {
                  "apiVersion": "string",
                  "data": [
                    "object",
                    {
                      "environment": "string"
                    }
                  ],
                  "kind": "string",
                  "metadata": [
                    "object",
                    {
                      "name": "string",
                      "namespace": "string"
                    }
                  ]
                }
              ]
            },
            "object": {
              "value": {
                "apiVersion": "v1",
                "binaryData": null,
                "data": {
                  "environment": "Development"
                },
                "immutable": null,
                "kind": "ConfigMap",
                "metadata": {
                  "annotations": null,
                  "creationTimestamp": null,
                  "deletionGracePeriodSeconds": null,
                  "deletionTimestamp": null,
                  "finalizers": null,
                  "generateName": null,
                  "generation": null,
                  "labels": null,
                  "managedFields": null,
                  "name": "mechanic-config",
                  "namespace": "default",
                  "ownerReferences": null,
                  "resourceVersion": null,
                  "selfLink": null,
                  "uid": null
                }
              },
              "type": [
                "object",
                {
                  "apiVersion": "string",
                  "binaryData": [
                    "map",
                    "string"
                  ],
                  "data": [
                    "map",
                    "string"
                  ],
                  "immutable": "bool",
                  "kind": "string",
                  "metadata": [
                    "object",
                    {
                      "annotations": [
                        "map",
                        "string"
                      ],
                      "creationTimestamp": "string",
                      "deletionGracePeriodSeconds": "number",
                      "deletionTimestamp": "string",
                      "finalizers": [
                        "list",
                        "string"
                      ],
                      "generateName": "string",
                      "generation": "number",
                      "labels": [
                        "map",
                        "string"
                      ],
                      "managedFields": [
                        "tuple",
                        [
                          [
                            "object",
                            {
                              "apiVersion": "string",
                              "fieldsType": "string",
                              "fieldsV1": "dynamic",
                              "manager": "string",
                              "operation": "string",
                              "subresource": "string",
                              "time": "string"
                            }
                          ]
                        ]
                      ],
                      "name": "string",
                      "namespace": "string",
                      "ownerReferences": [
                        "list",
                        [
                          "object",
                          {
                            "apiVersion": "string",
                            "blockOwnerDeletion": "bool",
                            "controller": "bool",
                            "kind": "string",
                            "name": "string",
                            "uid": "string"
                          }
                        ]
                      ],
                      "resourceVersion": "string",
                      "selfLink": "string",
                      "uid": "string"
                    }
                  ]
                }
              ]
            },
            "timeouts": [],
            "wait": [],
            "wait_for": null
          },
          "sensitive_attributes": [],
          "identity_schema_version": 1,
          "identity": {
            "api_version": "v1",
            "kind": "ConfigMap",
            "name": "mechanic-config",
            "namespace": "default"
          }
        }
      ]
    },
    {
      "mode": "managed",
      "type": "kubernetes_manifest",
      "name": "db_deployment",
      "provider": "provider[\"registry.terraform.io/hashicorp/kubernetes\"]",
      "instances": [
        {
          "schema_version": 1,
          "attributes": {
            "computed_fields": null,
            "field_manager": [],
            "manifest": {
              "value": {
                "apiVersion": "apps/v1",
                "kind": "Deployment",
                "metadata": {
                  "name": "mechanic-db",
                  "namespace": "default"
                },
                "spec": {
                  "replicas": 1,
                  "selector": {
                    "matchLabels": {
                      "app": "mechanic-db"
                    }
                  },
                  "template": {
                    "metadata": {
                      "labels": {
                        "app": "mechanic-db"
                      }
                    },
                    "spec": {
                      "containers": [
                        {
                          "env": [
                            {
                              "name": "ACCEPT_EULA",
                              "value": "Y"
                            },
                            {
                              "name": "SA_PASSWORD",
                              "value": "YourStrong!Passw0rd"
                            }
                          ],
                          "image": "mcr.microsoft.com/mssql/server:2022-latest",
                          "name": "sqlserver",
                          "ports": [
                            {
                              "containerPort": 1433
                            }
                          ],
                          "volumeMounts": [
                            {
                              "mountPath": "/var/opt/mssql",
                              "name": "sql-data"
                            }
                          ]
                        }
                      ],
                      "volumes": [
                        {
                          "emptyDir": {},
                          "name": "sql-data"
                        }
                      ]
                    }
                  }
                }
              },
              "type": [
                "object",
                {
                  "apiVersion": "string",
                  "kind": "string",
                  "metadata": [
                    "object",
                    {
                      "name": "string",
                      "namespace": "string"
                    }
                  ],
                  "spec": [
                    "object",
                    {
                      "replicas": "number",
                      "selector": [
                        "object",
                        {
                          "matchLabels": [
                            "object",
                            {
                              "app": "string"
                            }
                          ]
                        }
                      ],
                      "template": [
                        "object",
                        {
                          "metadata": [
                            "object",
                            {
                              "labels": [
                                "object",
                                {
                                  "app": "string"
                                }
                              ]
                            }
                          ],
                          "spec": [
                            "object",
                            {
                              "containers": [
                                "tuple",
                                [
                                  [
                                    "object",
                                    {
                                      "env": [
                                        "tuple",
                                        [
                                          [
                                            "object",
                                            {
                                              "name": "string",
                                              "value": "string"
                                            }
                                          ],
                                          [
                                            "object",
                                            {
                                              "name": "string",
                                              "value": "string"
                                            }
                                          ]
                                        ]
                                      ],
                                      "image": "string",
                                      "name": "string",
                                      "ports": [
                                        "tuple",
                                        [
                                          [
                                            "object",
                                            {
                                              "containerPort": "number"
                                            }
                                          ]
                                        ]
                                      ],
                                      "volumeMounts": [
                                        "tuple",
                                        [
                                          [
                                            "object",
                                            {
                                              "mountPath": "string",
                                              "name": "string"
                                            }
                                          ]
                                        ]
                                      ]
                                    }
                                  ]
                                ]
                              ],
                              "volumes": [
                                "tuple",
                                [
                                  [
                                    "object",
                                    {
                                      "emptyDir": [
                                        "object",
                                        {}
                                      ],
                                      "name": "string"
                                    }
                                  ]
                                ]
                              ]
                            }
                          ]
                        }
                      ]
                    }
                  ]
                }
              ]
            },
            "object": {
              "value": {
                "apiVersion": "apps/v1",
                "kind": "Deployment",
                "metadata": {
                  "annotations": {
                    "deployment.kubernetes.io/revision": "1"
                  },
                  "creationTimestamp": null,
                  "deletionGracePeriodSeconds": null,
                  "deletionTimestamp": null,
                  "finalizers": null,
                  "generateName": null,
                  "generation": null,
                  "labels": null,
                  "managedFields": null,
                  "name": "mechanic-db",
                  "namespace": "default",
                  "ownerReferences": null,
                  "resourceVersion": null,
                  "selfLink": null,
                  "uid": null
                },
                "spec": {
                  "minReadySeconds": null,
                  "paused": null,
                  "progressDeadlineSeconds": 600,
                  "replicas": 1,
                  "revisionHistoryLimit": 10,
                  "selector": {
                    "matchExpressions": null,
                    "matchLabels": {
                      "app": "mechanic-db"
                    }
                  },
                  "strategy": {
                    "rollingUpdate": {
                      "maxSurge": "25%",
                      "maxUnavailable": "25%"
                    },
                    "type": "RollingUpdate"
                  },
                  "template": {
                    "metadata": {
                      "annotations": null,
                      "creationTimestamp": null,
                      "deletionGracePeriodSeconds": null,
                      "deletionTimestamp": null,
                      "finalizers": null,
                      "generateName": null,
                      "generation": null,
                      "labels": {
                        "app": "mechanic-db"
                      },
                      "managedFields": null,
                      "name": null,
                      "namespace": null,
                      "ownerReferences": null,
                      "resourceVersion": null,
                      "selfLink": null,
                      "uid": null
                    },
                    "spec": {
                      "activeDeadlineSeconds": null,
                      "affinity": {
                        "nodeAffinity": {
                          "preferredDuringSchedulingIgnoredDuringExecution": null,
                          "requiredDuringSchedulingIgnoredDuringExecution": {
                            "nodeSelectorTerms": null
                          }
                        },
                        "podAffinity": {
                          "preferredDuringSchedulingIgnoredDuringExecution": null,
                          "requiredDuringSchedulingIgnoredDuringExecution": null
                        },
                        "podAntiAffinity": {
                          "preferredDuringSchedulingIgnoredDuringExecution": null,
                          "requiredDuringSchedulingIgnoredDuringExecution": null
                        }
                      },
                      "automountServiceAccountToken": null,
                      "containers": [
                        {
                          "args": null,
                          "command": null,
                          "env": [
                            {
                              "name": "ACCEPT_EULA",
                              "value": "Y",
                              "valueFrom": {
                                "configMapKeyRef": {
                                  "key": null,
                                  "name": null,
                                  "optional": null
                                },
                                "fieldRef": {
                                  "apiVersion": null,
                                  "fieldPath": null
                                },
                                "fileKeyRef": {
                                  "key": null,
                                  "optional": null,
                                  "path": null,
                                  "volumeName": null
                                },
                                "resourceFieldRef": {
                                  "containerName": null,
                                  "divisor": null,
                                  "resource": null
                                },
                                "secretKeyRef": {
                                  "key": null,
                                  "name": null,
                                  "optional": null
                                }
                              }
                            },
                            {
                              "name": "SA_PASSWORD",
                              "value": "YourStrong!Passw0rd",
                              "valueFrom": {
                                "configMapKeyRef": {
                                  "key": null,
                                  "name": null,
                                  "optional": null
                                },
                                "fieldRef": {
                                  "apiVersion": null,
                                  "fieldPath": null
                                },
                                "fileKeyRef": {
                                  "key": null,
                                  "optional": null,
                                  "path": null,
                                  "volumeName": null
                                },
                                "resourceFieldRef": {
                                  "containerName": null,
                                  "divisor": null,
                                  "resource": null
                                },
                                "secretKeyRef": {
                                  "key": null,
                                  "name": null,
                                  "optional": null
                                }
                              }
                            }
                          ],
                          "envFrom": null,
                          "image": "mcr.microsoft.com/mssql/server:2022-latest",
                          "imagePullPolicy": "IfNotPresent",
                          "lifecycle": {
                            "postStart": {
                              "exec": {
                                "command": null
                              },
                              "httpGet": {
                                "host": null,
                                "httpHeaders": null,
                                "path": null,
                                "port": null,
                                "scheme": null
                              },
                              "sleep": {
                                "seconds": null
                              },
                              "tcpSocket": {
                                "host": null,
                                "port": null
                              }
                            },
                            "preStop": {
                              "exec": {
                                "command": null
                              },
                              "httpGet": {
                                "host": null,
                                "httpHeaders": null,
                                "path": null,
                                "port": null,
                                "scheme": null
                              },
                              "sleep": {
                                "seconds": null
                              },
                              "tcpSocket": {
                                "host": null,
                                "port": null
                              }
                            },
                            "stopSignal": null
                          },
                          "livenessProbe": {
                            "exec": {
                              "command": null
                            },
                            "failureThreshold": null,
                            "grpc": {
                              "port": null,
                              "service": null
                            },
                            "httpGet": {
                              "host": null,
                              "httpHeaders": null,
                              "path": null,
                              "port": null,
                              "scheme": null
                            },
                            "initialDelaySeconds": null,
                            "periodSeconds": null,
                            "successThreshold": null,
                            "tcpSocket": {
                              "host": null,
                              "port": null
                            },
                            "terminationGracePeriodSeconds": null,
                            "timeoutSeconds": null
                          },
                          "name": "sqlserver",
                          "ports": [
                            {
                              "containerPort": 1433,
                              "hostIP": null,
                              "hostPort": null,
                              "name": null,
                              "protocol": "TCP"
                            }
                          ],
                          "readinessProbe": {
                            "exec": {
                              "command": null
                            },
                            "failureThreshold": null,
                            "grpc": {
                              "port": null,
                              "service": null
                            },
                            "httpGet": {
                              "host": null,
                              "httpHeaders": null,
                              "path": null,
                              "port": null,
                              "scheme": null
                            },
                            "initialDelaySeconds": null,
                            "periodSeconds": null,
                            "successThreshold": null,
                            "tcpSocket": {
                              "host": null,
                              "port": null
                            },
                            "terminationGracePeriodSeconds": null,
                            "timeoutSeconds": null
                          },
                          "resizePolicy": null,
                          "resources": {
                            "claims": null,
                            "limits": null,
                            "requests": null
                          },
                          "restartPolicy": null,
                          "restartPolicyRules": null,
                          "securityContext": {
                            "allowPrivilegeEscalation": null,
                            "appArmorProfile": {
                              "localhostProfile": null,
                              "type": null
                            },
                            "capabilities": {
                              "add": null,
                              "drop": null
                            },
                            "privileged": null,
                            "procMount": null,
                            "readOnlyRootFilesystem": null,
                            "runAsGroup": null,
                            "runAsNonRoot": null,
                            "runAsUser": null,
                            "seLinuxOptions": {
                              "level": null,
                              "role": null,
                              "type": null,
                              "user": null
                            },
                            "seccompProfile": {
                              "localhostProfile": null,
                              "type": null
                            },
                            "windowsOptions": {
                              "gmsaCredentialSpec": null,
                              "gmsaCredentialSpecName": null,
                              "hostProcess": null,
                              "runAsUserName": null
                            }
                          },
                          "startupProbe": {
                            "exec": {
                              "command": null
                            },
                            "failureThreshold": null,
                            "grpc": {
                              "port": null,
                              "service": null
                            },
                            "httpGet": {
                              "host": null,
                              "httpHeaders": null,
                              "path": null,
                              "port": null,
                              "scheme": null
                            },
                            "initialDelaySeconds": null,
                            "periodSeconds": null,
                            "successThreshold": null,
                            "tcpSocket": {
                              "host": null,
                              "port": null
                            },
                            "terminationGracePeriodSeconds": null,
                            "timeoutSeconds": null
                          },
                          "stdin": null,
                          "stdinOnce": null,
                          "terminationMessagePath": "/dev/termination-log",
                          "terminationMessagePolicy": "File",
                          "tty": null,
                          "volumeDevices": null,
                          "volumeMounts": [
                            {
                              "mountPath": "/var/opt/mssql",
                              "mountPropagation": null,
                              "name": "sql-data",
                              "readOnly": null,
                              "recursiveReadOnly": null,
                              "subPath": null,
                              "subPathExpr": null
                            }
                          ],
                          "workingDir": null
                        }
                      ],
                      "dnsConfig": {
                        "nameservers": null,
                        "options": null,
                        "searches": null
                      },
                      "dnsPolicy": "ClusterFirst",
                      "enableServiceLinks": null,
                      "ephemeralContainers": null,
                      "hostAliases": null,
                      "hostIPC": null,
                      "hostNetwork": null,
                      "hostPID": null,
                      "hostUsers": null,
                      "hostname": null,
                      "hostnameOverride": null,
                      "imagePullSecrets": null,
                      "initContainers": null,
                      "nodeName": null,
                      "nodeSelector": null,
                      "os": {
                        "name": null
                      },
                      "overhead": null,
                      "preemptionPolicy": null,
                      "priority": null,
                      "priorityClassName": null,
                      "readinessGates": null,
                      "resourceClaims": null,
                      "resources": {
                        "claims": null,
                        "limits": null,
                        "requests": null
                      },
                      "restartPolicy": "Always",
                      "runtimeClassName": null,
                      "schedulerName": "default-scheduler",
                      "schedulingGates": null,
                      "schedulingGroup": {
                        "podGroupName": null
                      },
                      "securityContext": {
                        "appArmorProfile": {
                          "localhostProfile": null,
                          "type": null
                        },
                        "fsGroup": null,
                        "fsGroupChangePolicy": null,
                        "runAsGroup": null,
                        "runAsNonRoot": null,
                        "runAsUser": null,
                        "seLinuxChangePolicy": null,
                        "seLinuxOptions": {
                          "level": null,
                          "role": null,
                          "type": null,
                          "user": null
                        },
                        "seccompProfile": {
                          "localhostProfile": null,
                          "type": null
                        },
                        "supplementalGroups": null,
                        "supplementalGroupsPolicy": null,
                        "sysctls": null,
                        "windowsOptions": {
                          "gmsaCredentialSpec": null,
                          "gmsaCredentialSpecName": null,
                          "hostProcess": null,
                          "runAsUserName": null
                        }
                      },
                      "serviceAccount": null,
                      "serviceAccountName": null,
                      "setHostnameAsFQDN": null,
                      "shareProcessNamespace": null,
                      "subdomain": null,
                      "terminationGracePeriodSeconds": 30,
                      "tolerations": null,
                      "topologySpreadConstraints": null,
                      "volumes": [
                        {
                          "awsElasticBlockStore": {
                            "fsType": null,
                            "partition": null,
                            "readOnly": null,
                            "volumeID": null
                          },
                          "azureDisk": {
                            "cachingMode": null,
                            "diskName": null,
                            "diskURI": null,
                            "fsType": null,
                            "kind": null,
                            "readOnly": null
                          },
                          "azureFile": {
                            "readOnly": null,
                            "secretName": null,
                            "shareName": null
                          },
                          "cephfs": {
                            "monitors": null,
                            "path": null,
                            "readOnly": null,
                            "secretFile": null,
                            "secretRef": {
                              "name": null
                            },
                            "user": null
                          },
                          "cinder": {
                            "fsType": null,
                            "readOnly": null,
                            "secretRef": {
                              "name": null
                            },
                            "volumeID": null
                          },
                          "configMap": {
                            "defaultMode": null,
                            "items": null,
                            "name": null,
                            "optional": null
                          },
                          "csi": {
                            "driver": null,
                            "fsType": null,
                            "nodePublishSecretRef": {
                              "name": null
                            },
                            "readOnly": null,
                            "volumeAttributes": null
                          },
                          "downwardAPI": {
                            "defaultMode": null,
                            "items": null
                          },
                          "emptyDir": {
                            "medium": null,
                            "sizeLimit": null
                          },
                          "ephemeral": {
                            "volumeClaimTemplate": {
                              "metadata": {
                                "annotations": null,
                                "creationTimestamp": null,
                                "deletionGracePeriodSeconds": null,
                                "deletionTimestamp": null,
                                "finalizers": null,
                                "generateName": null,
                                "generation": null,
                                "labels": null,
                                "managedFields": null,
                                "name": null,
                                "namespace": null,
                                "ownerReferences": null,
                                "resourceVersion": null,
                                "selfLink": null,
                                "uid": null
                              },
                              "spec": {
                                "accessModes": null,
                                "dataSource": {
                                  "apiGroup": null,
                                  "kind": null,
                                  "name": null
                                },
                                "dataSourceRef": {
                                  "apiGroup": null,
                                  "kind": null,
                                  "name": null,
                                  "namespace": null
                                },
                                "resources": {
                                  "limits": null,
                                  "requests": null
                                },
                                "selector": {
                                  "matchExpressions": null,
                                  "matchLabels": null
                                },
                                "storageClassName": null,
                                "volumeAttributesClassName": null,
                                "volumeMode": null,
                                "volumeName": null
                              }
                            }
                          },
                          "fc": {
                            "fsType": null,
                            "lun": null,
                            "readOnly": null,
                            "targetWWNs": null,
                            "wwids": null
                          },
                          "flexVolume": {
                            "driver": null,
                            "fsType": null,
                            "options": null,
                            "readOnly": null,
                            "secretRef": {
                              "name": null
                            }
                          },
                          "flocker": {
                            "datasetName": null,
                            "datasetUUID": null
                          },
                          "gcePersistentDisk": {
                            "fsType": null,
                            "partition": null,
                            "pdName": null,
                            "readOnly": null
                          },
                          "gitRepo": {
                            "directory": null,
                            "repository": null,
                            "revision": null
                          },
                          "glusterfs": {
                            "endpoints": null,
                            "path": null,
                            "readOnly": null
                          },
                          "hostPath": {
                            "path": null,
                            "type": null
                          },
                          "image": {
                            "pullPolicy": null,
                            "reference": null
                          },
                          "iscsi": {
                            "chapAuthDiscovery": null,
                            "chapAuthSession": null,
                            "fsType": null,
                            "initiatorName": null,
                            "iqn": null,
                            "iscsiInterface": null,
                            "lun": null,
                            "portals": null,
                            "readOnly": null,
                            "secretRef": {
                              "name": null
                            },
                            "targetPortal": null
                          },
                          "name": "sql-data",
                          "nfs": {
                            "path": null,
                            "readOnly": null,
                            "server": null
                          },
                          "persistentVolumeClaim": {
                            "claimName": null,
                            "readOnly": null
                          },
                          "photonPersistentDisk": {
                            "fsType": null,
                            "pdID": null
                          },
                          "portworxVolume": {
                            "fsType": null,
                            "readOnly": null,
                            "volumeID": null
                          },
                          "projected": {
                            "defaultMode": null,
                            "sources": null
                          },
                          "quobyte": {
                            "group": null,
                            "readOnly": null,
                            "registry": null,
                            "tenant": null,
                            "user": null,
                            "volume": null
                          },
                          "rbd": {
                            "fsType": null,
                            "image": null,
                            "keyring": null,
                            "monitors": null,
                            "pool": null,
                            "readOnly": null,
                            "secretRef": {
                              "name": null
                            },
                            "user": null
                          },
                          "scaleIO": {
                            "fsType": null,
                            "gateway": null,
                            "protectionDomain": null,
                            "readOnly": null,
                            "secretRef": {
                              "name": null
                            },
                            "sslEnabled": null,
                            "storageMode": null,
                            "storagePool": null,
                            "system": null,
                            "volumeName": null
                          },
                          "secret": {
                            "defaultMode": null,
                            "items": null,
                            "optional": null,
                            "secretName": null
                          },
                          "storageos": {
                            "fsType": null,
                            "readOnly": null,
                            "secretRef": {
                              "name": null
                            },
                            "volumeName": null,
                            "volumeNamespace": null
                          },
                          "vsphereVolume": {
                            "fsType": null,
                            "storagePolicyID": null,
                            "storagePolicyName": null,
                            "volumePath": null
                          }
                        }
                      ]
                    }
                  }
                }
              },
              "type": [
                "object",
                {
                  "apiVersion": "string",
                  "kind": "string",
                  "metadata": [
                    "object",
                    {
                      "annotations": [
                        "map",
                        "string"
                      ],
                      "creationTimestamp": "string",
                      "deletionGracePeriodSeconds": "number",
                      "deletionTimestamp": "string",
                      "finalizers": [
                        "list",
                        "string"
                      ],
                      "generateName": "string",
                      "generation": "number",
                      "labels": [
                        "map",
                        "string"
                      ],
                      "managedFields": [
                        "tuple",
                        [
                          [
                            "object",
                            {
                              "apiVersion": "string",
                              "fieldsType": "string",
                              "fieldsV1": "dynamic",
                              "manager": "string",
                              "operation": "string",
                              "subresource": "string",
                              "time": "string"
                            }
                          ]
                        ]
                      ],
                      "name": "string",
                      "namespace": "string",
                      "ownerReferences": [
                        "list",
                        [
                          "object",
                          {
                            "apiVersion": "string",
                            "blockOwnerDeletion": "bool",
                            "controller": "bool",
                            "kind": "string",
                            "name": "string",
                            "uid": "string"
                          }
                        ]
                      ],
                      "resourceVersion": "string",
                      "selfLink": "string",
                      "uid": "string"
                    }
                  ],
                  "spec": [
                    "object",
                    {
                      "minReadySeconds": "number",
                      "paused": "bool",
                      "progressDeadlineSeconds": "number",
                      "replicas": "number",
                      "revisionHistoryLimit": "number",
                      "selector": [
                        "object",
                        {
                          "matchExpressions": [
                            "list",
                            [
                              "object",
                              {
                                "key": "string",
                                "operator": "string",
                                "values": [
                                  "list",
                                  "string"
                                ]
                              }
                            ]
                          ],
                          "matchLabels": [
                            "map",
                            "string"
                          ]
                        }
                      ],
                      "strategy": [
                        "object",
                        {
                          "rollingUpdate": [
                            "object",
                            {
                              "maxSurge": "string",
                              "maxUnavailable": "string"
                            }
                          ],
                          "type": "string"
                        }
                      ],
                      "template": [
                        "object",
                        {
                          "metadata": [
                            "object",
                            {
                              "annotations": [
                                "map",
                                "string"
                              ],
                              "creationTimestamp": "string",
                              "deletionGracePeriodSeconds": "number",
                              "deletionTimestamp": "string",
                              "finalizers": [
                                "list",
                                "string"
                              ],
                              "generateName": "string",
                              "generation": "number",
                              "labels": [
                                "map",
                                "string"
                              ],
                              "managedFields": [
                                "tuple",
                                [
                                  [
                                    "object",
                                    {
                                      "apiVersion": "string",
                                      "fieldsType": "string",
                                      "fieldsV1": "dynamic",
                                      "manager": "string",
                                      "operation": "string",
                                      "subresource": "string",
                                      "time": "string"
                                    }
                                  ]
                                ]
                              ],
                              "name": "string",
                              "namespace": "string",
                              "ownerReferences": [
                                "list",
                                [
                                  "object",
                                  {
                                    "apiVersion": "string",
                                    "blockOwnerDeletion": "bool",
                                    "controller": "bool",
                                    "kind": "string",
                                    "name": "string",
                                    "uid": "string"
                                  }
                                ]
                              ],
                              "resourceVersion": "string",
                              "selfLink": "string",
                              "uid": "string"
                            }
                          ],
                          "spec": [
                            "object",
                            {
                              "activeDeadlineSeconds": "number",
                              "affinity": [
                                "object",
                                {
                                  "nodeAffinity": [
                                    "object",
                                    {
                                      "preferredDuringSchedulingIgnoredDuringExecution": [
                                        "list",
                                        [
                                          "object",
                                          {
                                            "preference": [
                                              "object",
                                              {
                                                "matchExpressions": [
                                                  "list",
                                                  [
                                                    "object",
                                                    {
                                                      "key": "string",
                                                      "operator": "string",
                                                      "values": [
                                                        "list",
                                                        "string"
                                                      ]
                                                    }
                                                  ]
                                                ],
                                                "matchFields": [
                                                  "list",
                                                  [
                                                    "object",
                                                    {
                                                      "key": "string",
                                                      "operator": "string",
                                                      "values": [
                                                        "list",
                                                        "string"
                                                      ]
                                                    }
                                                  ]
                                                ]
                                              }
                                            ],
                                            "weight": "number"
                                          }
                                        ]
                                      ],
                                      "requiredDuringSchedulingIgnoredDuringExecution": [
                                        "object",
                                        {
                                          "nodeSelectorTerms": [
                                            "list",
                                            [
                                              "object",
                                              {
                                                "matchExpressions": [
                                                  "list",
                                                  [
                                                    "object",
                                                    {
                                                      "key": "string",
                                                      "operator": "string",
                                                      "values": [
                                                        "list",
                                                        "string"
                                                      ]
                                                    }
                                                  ]
                                                ],
                                                "matchFields": [
                                                  "list",
                                                  [
                                                    "object",
                                                    {
                                                      "key": "string",
                                                      "operator": "string",
                                                      "values": [
                                                        "list",
                                                        "string"
                                                      ]
                                                    }
                                                  ]
                                                ]
                                              }
                                            ]
                                          ]
                                        }
                                      ]
                                    }
                                  ],
                                  "podAffinity": [
                                    "object",
                                    {
                                      "preferredDuringSchedulingIgnoredDuringExecution": [
                                        "list",
                                        [
                                          "object",
                                          {
                                            "podAffinityTerm": [
                                              "object",
                                              {
                                                "labelSelector": [
                                                  "object",
                                                  {
                                                    "matchExpressions": [
                                                      "list",
                                                      [
                                                        "object",
                                                        {
                                                          "key": "string",
                                                          "operator": "string",
                                                          "values": [
                                                            "list",
                                                            "string"
                                                          ]
                                                        }
                                                      ]
                                                    ],
                                                    "matchLabels": [
                                                      "map",
                                                      "string"
                                                    ]
                                                  }
                                                ],
                                                "matchLabelKeys": [
                                                  "list",
                                                  "string"
                                                ],
                                                "mismatchLabelKeys": [
                                                  "list",
                                                  "string"
                                                ],
                                                "namespaceSelector": [
                                                  "object",
                                                  {
                                                    "matchExpressions": [
                                                      "list",
                                                      [
                                                        "object",
                                                        {
                                                          "key": "string",
                                                          "operator": "string",
                                                          "values": [
                                                            "list",
                                                            "string"
                                                          ]
                                                        }
                                                      ]
                                                    ],
                                                    "matchLabels": [
                                                      "map",
                                                      "string"
                                                    ]
                                                  }
                                                ],
                                                "namespaces": [
                                                  "list",
                                                  "string"
                                                ],
                                                "topologyKey": "string"
                                              }
                                            ],
                                            "weight": "number"
                                          }
                                        ]
                                      ],
                                      "requiredDuringSchedulingIgnoredDuringExecution": [
                                        "list",
                                        [
                                          "object",
                                          {
                                            "labelSelector": [
                                              "object",
                                              {
                                                "matchExpressions": [
                                                  "list",
                                                  [
                                                    "object",
                                                    {
                                                      "key": "string",
                                                      "operator": "string",
                                                      "values": [
                                                        "list",
                                                        "string"
                                                      ]
                                                    }
                                                  ]
                                                ],
                                                "matchLabels": [
                                                  "map",
                                                  "string"
                                                ]
                                              }
                                            ],
                                            "matchLabelKeys": [
                                              "list",
                                              "string"
                                            ],
                                            "mismatchLabelKeys": [
                                              "list",
                                              "string"
                                            ],
                                            "namespaceSelector": [
                                              "object",
                                              {
                                                "matchExpressions": [
                                                  "list",
                                                  [
                                                    "object",
                                                    {
                                                      "key": "string",
                                                      "operator": "string",
                                                      "values": [
                                                        "list",
                                                        "string"
                                                      ]
                                                    }
                                                  ]
                                                ],
                                                "matchLabels": [
                                                  "map",
                                                  "string"
                                                ]
                                              }
                                            ],
                                            "namespaces": [
                                              "list",
                                              "string"
                                            ],
                                            "topologyKey": "string"
                                          }
                                        ]
                                      ]
                                    }
                                  ],
                                  "podAntiAffinity": [
                                    "object",
                                    {
                                      "preferredDuringSchedulingIgnoredDuringExecution": [
                                        "list",
                                        [
                                          "object",
                                          {
                                            "podAffinityTerm": [
                                              "object",
                                              {
                                                "labelSelector": [
                                                  "object",
                                                  {
                                                    "matchExpressions": [
                                                      "list",
                                                      [
                                                        "object",
                                                        {
                                                          "key": "string",
                                                          "operator": "string",
                                                          "values": [
                                                            "list",
                                                            "string"
                                                          ]
                                                        }
                                                      ]
                                                    ],
                                                    "matchLabels": [
                                                      "map",
                                                      "string"
                                                    ]
                                                  }
                                                ],
                                                "matchLabelKeys": [
                                                  "list",
                                                  "string"
                                                ],
                                                "mismatchLabelKeys": [
                                                  "list",
                                                  "string"
                                                ],
                                                "namespaceSelector": [
                                                  "object",
                                                  {
                                                    "matchExpressions": [
                                                      "list",
                                                      [
                                                        "object",
                                                        {
                                                          "key": "string",
                                                          "operator": "string",
                                                          "values": [
                                                            "list",
                                                            "string"
                                                          ]
                                                        }
                                                      ]
                                                    ],
                                                    "matchLabels": [
                                                      "map",
                                                      "string"
                                                    ]
                                                  }
                                                ],
                                                "namespaces": [
                                                  "list",
                                                  "string"
                                                ],
                                                "topologyKey": "string"
                                              }
                                            ],
                                            "weight": "number"
                                          }
                                        ]
                                      ],
                                      "requiredDuringSchedulingIgnoredDuringExecution": [
                                        "list",
                                        [
                                          "object",
                                          {
                                            "labelSelector": [
                                              "object",
                                              {
                                                "matchExpressions": [
                                                  "list",
                                                  [
                                                    "object",
                                                    {
                                                      "key": "string",
                                                      "operator": "string",
                                                      "values": [
                                                        "list",
                                                        "string"
                                                      ]
                                                    }
                                                  ]
                                                ],
                                                "matchLabels": [
                                                  "map",
                                                  "string"
                                                ]
                                              }
                                            ],
                                            "matchLabelKeys": [
                                              "list",
                                              "string"
                                            ],
                                            "mismatchLabelKeys": [
                                              "list",
                                              "string"
                                            ],
                                            "namespaceSelector": [
                                              "object",
                                              {
                                                "matchExpressions": [
                                                  "list",
                                                  [
                                                    "object",
                                                    {
                                                      "key": "string",
                                                      "operator": "string",
                                                      "values": [
                                                        "list",
                                                        "string"
                                                      ]
                                                    }
                                                  ]
                                                ],
                                                "matchLabels": [
                                                  "map",
                                                  "string"
                                                ]
                                              }
                                            ],
                                            "namespaces": [
                                              "list",
                                              "string"
                                            ],
                                            "topologyKey": "string"
                                          }
                                        ]
                                      ]
                                    }
                                  ]
                                }
                              ],
                              "automountServiceAccountToken": "bool",
                              "containers": [
                                "list",
                                [
                                  "object",
                                  {
                                    "args": [
                                      "list",
                                      "string"
                                    ],
                                    "command": [
                                      "list",
                                      "string"
                                    ],
                                    "env": [
                                      "list",
                                      [
                                        "object",
                                        {
                                          "name": "string",
                                          "value": "string",
                                          "valueFrom": [
                                            "object",
                                            {
                                              "configMapKeyRef": [
                                                "object",
                                                {
                                                  "key": "string",
                                                  "name": "string",
                                                  "optional": "bool"
                                                }
                                              ],
                                              "fieldRef": [
                                                "object",
                                                {
                                                  "apiVersion": "string",
                                                  "fieldPath": "string"
                                                }
                                              ],
                                              "fileKeyRef": [
                                                "object",
                                                {
                                                  "key": "string",
                                                  "optional": "bool",
                                                  "path": "string",
                                                  "volumeName": "string"
                                                }
                                              ],
                                              "resourceFieldRef": [
                                                "object",
                                                {
                                                  "containerName": "string",
                                                  "divisor": "string",
                                                  "resource": "string"
                                                }
                                              ],
                                              "secretKeyRef": [
                                                "object",
                                                {
                                                  "key": "string",
                                                  "name": "string",
                                                  "optional": "bool"
                                                }
                                              ]
                                            }
                                          ]
                                        }
                                      ]
                                    ],
                                    "envFrom": [
                                      "list",
                                      [
                                        "object",
                                        {
                                          "configMapRef": [
                                            "object",
                                            {
                                              "name": "string",
                                              "optional": "bool"
                                            }
                                          ],
                                          "prefix": "string",
                                          "secretRef": [
                                            "object",
                                            {
                                              "name": "string",
                                              "optional": "bool"
                                            }
                                          ]
                                        }
                                      ]
                                    ],
                                    "image": "string",
                                    "imagePullPolicy": "string",
                                    "lifecycle": [
                                      "object",
                                      {
                                        "postStart": [
                                          "object",
                                          {
                                            "exec": [
                                              "object",
                                              {
                                                "command": [
                                                  "list",
                                                  "string"
                                                ]
                                              }
                                            ],
                                            "httpGet": [
                                              "object",
                                              {
                                                "host": "string",
                                                "httpHeaders": [
                                                  "list",
                                                  [
                                                    "object",
                                                    {
                                                      "name": "string",
                                                      "value": "string"
                                                    }
                                                  ]
                                                ],
                                                "path": "string",
                                                "port": "string",
                                                "scheme": "string"
                                              }
                                            ],
                                            "sleep": [
                                              "object",
                                              {
                                                "seconds": "number"
                                              }
                                            ],
                                            "tcpSocket": [
                                              "object",
                                              {
                                                "host": "string",
                                                "port": "string"
                                              }
                                            ]
                                          }
                                        ],
                                        "preStop": [
                                          "object",
                                          {
                                            "exec": [
                                              "object",
                                              {
                                                "command": [
                                                  "list",
                                                  "string"
                                                ]
                                              }
                                            ],
                                            "httpGet": [
                                              "object",
                                              {
                                                "host": "string",
                                                "httpHeaders": [
                                                  "list",
                                                  [
                                                    "object",
                                                    {
                                                      "name": "string",
                                                      "value": "string"
                                                    }
                                                  ]
                                                ],
                                                "path": "string",
                                                "port": "string",
                                                "scheme": "string"
                                              }
                                            ],
                                            "sleep": [
                                              "object",
                                              {
                                                "seconds": "number"
                                              }
                                            ],
                                            "tcpSocket": [
                                              "object",
                                              {
                                                "host": "string",
                                                "port": "string"
                                              }
                                            ]
                                          }
                                        ],
                                        "stopSignal": "string"
                                      }
                                    ],
                                    "livenessProbe": [
                                      "object",
                                      {
                                        "exec": [
                                          "object",
                                          {
                                            "command": [
                                              "list",
                                              "string"
                                            ]
                                          }
                                        ],
                                        "failureThreshold": "number",
                                        "grpc": [
                                          "object",
                                          {
                                            "port": "number",
                                            "service": "string"
                                          }
                                        ],
                                        "httpGet": [
                                          "object",
                                          {
                                            "host": "string",
                                            "httpHeaders": [
                                              "list",
                                              [
                                                "object",
                                                {
                                                  "name": "string",
                                                  "value": "string"
                                                }
                                              ]
                                            ],
                                            "path": "string",
                                            "port": "string",
                                            "scheme": "string"
                                          }
                                        ],
                                        "initialDelaySeconds": "number",
                                        "periodSeconds": "number",
                                        "successThreshold": "number",
                                        "tcpSocket": [
                                          "object",
                                          {
                                            "host": "string",
                                            "port": "string"
                                          }
                                        ],
                                        "terminationGracePeriodSeconds": "number",
                                        "timeoutSeconds": "number"
                                      }
                                    ],
                                    "name": "string",
                                    "ports": [
                                      "list",
                                      [
                                        "object",
                                        {
                                          "containerPort": "number",
                                          "hostIP": "string",
                                          "hostPort": "number",
                                          "name": "string",
                                          "protocol": "string"
                                        }
                                      ]
                                    ],
                                    "readinessProbe": [
                                      "object",
                                      {
                                        "exec": [
                                          "object",
                                          {
                                            "command": [
                                              "list",
                                              "string"
                                            ]
                                          }
                                        ],
                                        "failureThreshold": "number",
                                        "grpc": [
                                          "object",
                                          {
                                            "port": "number",
                                            "service": "string"
                                          }
                                        ],
                                        "httpGet": [
                                          "object",
                                          {
                                            "host": "string",
                                            "httpHeaders": [
                                              "list",
                                              [
                                                "object",
                                                {
                                                  "name": "string",
                                                  "value": "string"
                                                }
                                              ]
                                            ],
                                            "path": "string",
                                            "port": "string",
                                            "scheme": "string"
                                          }
                                        ],
                                        "initialDelaySeconds": "number",
                                        "periodSeconds": "number",
                                        "successThreshold": "number",
                                        "tcpSocket": [
                                          "object",
                                          {
                                            "host": "string",
                                            "port": "string"
                                          }
                                        ],
                                        "terminationGracePeriodSeconds": "number",
                                        "timeoutSeconds": "number"
                                      }
                                    ],
                                    "resizePolicy": [
                                      "list",
                                      [
                                        "object",
                                        {
                                          "resourceName": "string",
                                          "restartPolicy": "string"
                                        }
                                      ]
                                    ],
                                    "resources": [
                                      "object",
                                      {
                                        "claims": [
                                          "list",
                                          [
                                            "object",
                                            {
                                              "name": "string",
                                              "request": "string"
                                            }
                                          ]
                                        ],
                                        "limits": [
                                          "map",
                                          "string"
                                        ],
                                        "requests": [
                                          "map",
                                          "string"
                                        ]
                                      }
                                    ],
                                    "restartPolicy": "string",
                                    "restartPolicyRules": [
                                      "list",
                                      [
                                        "object",
                                        {
                                          "action": "string",
                                          "exitCodes": [
                                            "object",
                                            {
                                              "operator": "string",
                                              "values": [
                                                "list",
                                                "number"
                                              ]
                                            }
                                          ]
                                        }
                                      ]
                                    ],
                                    "securityContext": [
                                      "object",
                                      {
                                        "allowPrivilegeEscalation": "bool",
                                        "appArmorProfile": [
                                          "object",
                                          {
                                            "localhostProfile": "string",
                                            "type": "string"
                                          }
                                        ],
                                        "capabilities": [
                                          "object",
                                          {
                                            "add": [
                                              "list",
                                              "string"
                                            ],
                                            "drop": [
                                              "list",
                                              "string"
                                            ]
                                          }
                                        ],
                                        "privileged": "bool",
                                        "procMount": "string",
                                        "readOnlyRootFilesystem": "bool",
                                        "runAsGroup": "number",
                                        "runAsNonRoot": "bool",
                                        "runAsUser": "number",
                                        "seLinuxOptions": [
                                          "object",
                                          {
                                            "level": "string",
                                            "role": "string",
                                            "type": "string",
                                            "user": "string"
                                          }
                                        ],
                                        "seccompProfile": [
                                          "object",
                                          {
                                            "localhostProfile": "string",
                                            "type": "string"
                                          }
                                        ],
                                        "windowsOptions": [
                                          "object",
                                          {
                                            "gmsaCredentialSpec": "string",
                                            "gmsaCredentialSpecName": "string",
                                            "hostProcess": "bool",
                                            "runAsUserName": "string"
                                          }
                                        ]
                                      }
                                    ],
                                    "startupProbe": [
                                      "object",
                                      {
                                        "exec": [
                                          "object",
                                          {
                                            "command": [
                                              "list",
                                              "string"
                                            ]
                                          }
                                        ],
                                        "failureThreshold": "number",
                                        "grpc": [
                                          "object",
                                          {
                                            "port": "number",
                                            "service": "string"
                                          }
                                        ],
                                        "httpGet": [
                                          "object",
                                          {
                                            "host": "string",
                                            "httpHeaders": [
                                              "list",
                                              [
                                                "object",
                                                {
                                                  "name": "string",
                                                  "value": "string"
                                                }
                                              ]
                                            ],
                                            "path": "string",
                                            "port": "string",
                                            "scheme": "string"
                                          }
                                        ],
                                        "initialDelaySeconds": "number",
                                        "periodSeconds": "number",
                                        "successThreshold": "number",
                                        "tcpSocket": [
                                          "object",
                                          {
                                            "host": "string",
                                            "port": "string"
                                          }
                                        ],
                                        "terminationGracePeriodSeconds": "number",
                                        "timeoutSeconds": "number"
                                      }
                                    ],
                                    "stdin": "bool",
                                    "stdinOnce": "bool",
                                    "terminationMessagePath": "string",
                                    "terminationMessagePolicy": "string",
                                    "tty": "bool",
                                    "volumeDevices": [
                                      "list",
                                      [
                                        "object",
                                        {
                                          "devicePath": "string",
                                          "name": "string"
                                        }
                                      ]
                                    ],
                                    "volumeMounts": [
                                      "list",
                                      [
                                        "object",
                                        {
                                          "mountPath": "string",
                                          "mountPropagation": "string",
                                          "name": "string",
                                          "readOnly": "bool",
                                          "recursiveReadOnly": "string",
                                          "subPath": "string",
                                          "subPathExpr": "string"
                                        }
                                      ]
                                    ],
                                    "workingDir": "string"
                                  }
                                ]
                              ],
                              "dnsConfig": [
                                "object",
                                {
                                  "nameservers": [
                                    "list",
                                    "string"
                                  ],
                                  "options": [
                                    "list",
                                    [
                                      "object",
                                      {
                                        "name": "string",
                                        "value": "string"
                                      }
                                    ]
                                  ],
                                  "searches": [
                                    "list",
                                    "string"
                                  ]
                                }
                              ],
                              "dnsPolicy": "string",
                              "enableServiceLinks": "bool",
                              "ephemeralContainers": [
                                "list",
                                [
                                  "object",
                                  {
                                    "args": [
                                      "list",
                                      "string"
                                    ],
                                    "command": [
                                      "list",
                                      "string"
                                    ],
                                    "env": [
                                      "list",
                                      [
                                        "object",
                                        {
                                          "name": "string",
                                          "value": "string",
                                          "valueFrom": [
                                            "object",
                                            {
                                              "configMapKeyRef": [
                                                "object",
                                                {
                                                  "key": "string",
                                                  "name": "string",
                                                  "optional": "bool"
                                                }
                                              ],
                                              "fieldRef": [
                                                "object",
                                                {
                                                  "apiVersion": "string",
                                                  "fieldPath": "string"
                                                }
                                              ],
                                              "fileKeyRef": [
                                                "object",
                                                {
                                                  "key": "string",
                                                  "optional": "bool",
                                                  "path": "string",
                                                  "volumeName": "string"
                                                }
                                              ],
                                              "resourceFieldRef": [
                                                "object",
                                                {
                                                  "containerName": "string",
                                                  "divisor": "string",
                                                  "resource": "string"
                                                }
                                              ],
                                              "secretKeyRef": [
                                                "object",
                                                {
                                                  "key": "string",
                                                  "name": "string",
                                                  "optional": "bool"
                                                }
                                              ]
                                            }
                                          ]
                                        }
                                      ]
                                    ],
                                    "envFrom": [
                                      "list",
                                      [
                                        "object",
                                        {
                                          "configMapRef": [
                                            "object",
                                            {
                                              "name": "string",
                                              "optional": "bool"
                                            }
                                          ],
                                          "prefix": "string",
                                          "secretRef": [
                                            "object",
                                            {
                                              "name": "string",
                                              "optional": "bool"
                                            }
                                          ]
                                        }
                                      ]
                                    ],
                                    "image": "string",
                                    "imagePullPolicy": "string",
                                    "lifecycle": [
                                      "object",
                                      {
                                        "postStart": [
                                          "object",
                                          {
                                            "exec": [
                                              "object",
                                              {
                                                "command": [
                                                  "list",
                                                  "string"
                                                ]
                                              }
                                            ],
                                            "httpGet": [
                                              "object",
                                              {
                                                "host": "string",
                                                "httpHeaders": [
                                                  "list",
                                                  [
                                                    "object",
                                                    {
                                                      "name": "string",
                                                      "value": "string"
                                                    }
                                                  ]
                                                ],
                                                "path": "string",
                                                "port": "string",
                                                "scheme": "string"
                                              }
                                            ],
                                            "sleep": [
                                              "object",
                                              {
                                                "seconds": "number"
                                              }
                                            ],
                                            "tcpSocket": [
                                              "object",
                                              {
                                                "host": "string",
                                                "port": "string"
                                              }
                                            ]
                                          }
                                        ],
                                        "preStop": [
                                          "object",
                                          {
                                            "exec": [
                                              "object",
                                              {
                                                "command": [
                                                  "list",
                                                  "string"
                                                ]
                                              }
                                            ],
                                            "httpGet": [
                                              "object",
                                              {
                                                "host": "string",
                                                "httpHeaders": [
                                                  "list",
                                                  [
                                                    "object",
                                                    {
                                                      "name": "string",
                                                      "value": "string"
                                                    }
                                                  ]
                                                ],
                                                "path": "string",
                                                "port": "string",
                                                "scheme": "string"
                                              }
                                            ],
                                            "sleep": [
                                              "object",
                                              {
                                                "seconds": "number"
                                              }
                                            ],
                                            "tcpSocket": [
                                              "object",
                                              {
                                                "host": "string",
                                                "port": "string"
                                              }
                                            ]
                                          }
                                        ],
                                        "stopSignal": "string"
                                      }
                                    ],
                                    "livenessProbe": [
                                      "object",
                                      {
                                        "exec": [
                                          "object",
                                          {
                                            "command": [
                                              "list",
                                              "string"
                                            ]
                                          }
                                        ],
                                        "failureThreshold": "number",
                                        "grpc": [
                                          "object",
                                          {
                                            "port": "number",
                                            "service": "string"
                                          }
                                        ],
                                        "httpGet": [
                                          "object",
                                          {
                                            "host": "string",
                                            "httpHeaders": [
                                              "list",
                                              [
                                                "object",
                                                {
                                                  "name": "string",
                                                  "value": "string"
                                                }
                                              ]
                                            ],
                                            "path": "string",
                                            "port": "string",
                                            "scheme": "string"
                                          }
                                        ],
                                        "initialDelaySeconds": "number",
                                        "periodSeconds": "number",
                                        "successThreshold": "number",
                                        "tcpSocket": [
                                          "object",
                                          {
                                            "host": "string",
                                            "port": "string"
                                          }
                                        ],
                                        "terminationGracePeriodSeconds": "number",
                                        "timeoutSeconds": "number"
                                      }
                                    ],
                                    "name": "string",
                                    "ports": [
                                      "list",
                                      [
                                        "object",
                                        {
                                          "containerPort": "number",
                                          "hostIP": "string",
                                          "hostPort": "number",
                                          "name": "string",
                                          "protocol": "string"
                                        }
                                      ]
                                    ],
                                    "readinessProbe": [
                                      "object",
                                      {
                                        "exec": [
                                          "object",
                                          {
                                            "command": [
                                              "list",
                                              "string"
                                            ]
                                          }
                                        ],
                                        "failureThreshold": "number",
                                        "grpc": [
                                          "object",
                                          {
                                            "port": "number",
                                            "service": "string"
                                          }
                                        ],
                                        "httpGet": [
                                          "object",
                                          {
                                            "host": "string",
                                            "httpHeaders": [
                                              "list",
                                              [
                                                "object",
                                                {
                                                  "name": "string",
                                                  "value": "string"
                                                }
                                              ]
                                            ],
                                            "path": "string",
                                            "port": "string",
                                            "scheme": "string"
                                          }
                                        ],
                                        "initialDelaySeconds": "number",
                                        "periodSeconds": "number",
                                        "successThreshold": "number",
                                        "tcpSocket": [
                                          "object",
                                          {
                                            "host": "string",
                                            "port": "string"
                                          }
                                        ],
                                        "terminationGracePeriodSeconds": "number",
                                        "timeoutSeconds": "number"
                                      }
                                    ],
                                    "resizePolicy": [
                                      "list",
                                      [
                                        "object",
                                        {
                                          "resourceName": "string",
                                          "restartPolicy": "string"
                                        }
                                      ]
                                    ],
                                    "resources": [
                                      "object",
                                      {
                                        "claims": [
                                          "list",
                                          [
                                            "object",
                                            {
                                              "name": "string",
                                              "request": "string"
                                            }
                                          ]
                                        ],
                                        "limits": [
                                          "map",
                                          "string"
                                        ],
                                        "requests": [
                                          "map",
                                          "string"
                                        ]
                                      }
                                    ],
                                    "restartPolicy": "string",
                                    "restartPolicyRules": [
                                      "list",
                                      [
                                        "object",
                                        {
                                          "action": "string",
                                          "exitCodes": [
                                            "object",
                                            {
                                              "operator": "string",
                                              "values": [
                                                "list",
                                                "number"
                                              ]
                                            }
                                          ]
                                        }
                                      ]
                                    ],
                                    "securityContext": [
                                      "object",
                                      {
                                        "allowPrivilegeEscalation": "bool",
                                        "appArmorProfile": [
                                          "object",
                                          {
                                            "localhostProfile": "string",
                                            "type": "string"
                                          }
                                        ],
                                        "capabilities": [
                                          "object",
                                          {
                                            "add": [
                                              "list",
                                              "string"
                                            ],
                                            "drop": [
                                              "list",
                                              "string"
                                            ]
                                          }
                                        ],
                                        "privileged": "bool",
                                        "procMount": "string",
                                        "readOnlyRootFilesystem": "bool",
                                        "runAsGroup": "number",
                                        "runAsNonRoot": "bool",
                                        "runAsUser": "number",
                                        "seLinuxOptions": [
                                          "object",
                                          {
                                            "level": "string",
                                            "role": "string",
                                            "type": "string",
                                            "user": "string"
                                          }
                                        ],
                                        "seccompProfile": [
                                          "object",
                                          {
                                            "localhostProfile": "string",
                                            "type": "string"
                                          }
                                        ],
                                        "windowsOptions": [
                                          "object",
                                          {
                                            "gmsaCredentialSpec": "string",
                                            "gmsaCredentialSpecName": "string",
                                            "hostProcess": "bool",
                                            "runAsUserName": "string"
                                          }
                                        ]
                                      }
                                    ],
                                    "startupProbe": [
                                      "object",
                                      {
                                        "exec": [
                                          "object",
                                          {
                                            "command": [
                                              "list",
                                              "string"
                                            ]
                                          }
                                        ],
                                        "failureThreshold": "number",
                                        "grpc": [
                                          "object",
                                          {
                                            "port": "number",
                                            "service": "string"
                                          }
                                        ],
                                        "httpGet": [
                                          "object",
                                          {
                                            "host": "string",
                                            "httpHeaders": [
                                              "list",
                                              [
                                                "object",
                                                {
                                                  "name": "string",
                                                  "value": "string"
                                                }
                                              ]
                                            ],
                                            "path": "string",
                                            "port": "string",
                                            "scheme": "string"
                                          }
                                        ],
                                        "initialDelaySeconds": "number",
                                        "periodSeconds": "number",
                                        "successThreshold": "number",
                                        "tcpSocket": [
                                          "object",
                                          {
                                            "host": "string",
                                            "port": "string"
                                          }
                                        ],
                                        "terminationGracePeriodSeconds": "number",
                                        "timeoutSeconds": "number"
                                      }
                                    ],
                                    "stdin": "bool",
                                    "stdinOnce": "bool",
                                    "targetContainerName": "string",
                                    "terminationMessagePath": "string",
                                    "terminationMessagePolicy": "string",
                                    "tty": "bool",
                                    "volumeDevices": [
                                      "list",
                                      [
                                        "object",
                                        {
                                          "devicePath": "string",
                                          "name": "string"
                                        }
                                      ]
                                    ],
                                    "volumeMounts": [
                                      "list",
                                      [
                                        "object",
                                        {
                                          "mountPath": "string",
                                          "mountPropagation": "string",
                                          "name": "string",
                                          "readOnly": "bool",
                                          "recursiveReadOnly": "string",
                                          "subPath": "string",
                                          "subPathExpr": "string"
                                        }
                                      ]
                                    ],
                                    "workingDir": "string"
                                  }
                                ]
                              ],
                              "hostAliases": [
                                "list",
                                [
                                  "object",
                                  {
                                    "hostnames": [
                                      "list",
                                      "string"
                                    ],
                                    "ip": "string"
                                  }
                                ]
                              ],
                              "hostIPC": "bool",
                              "hostNetwork": "bool",
                              "hostPID": "bool",
                              "hostUsers": "bool",
                              "hostname": "string",
                              "hostnameOverride": "string",
                              "imagePullSecrets": [
                                "list",
                                [
                                  "object",
                                  {
                                    "name": "string"
                                  }
                                ]
                              ],
                              "initContainers": [
                                "list",
                                [
                                  "object",
                                  {
                                    "args": [
                                      "list",
                                      "string"
                                    ],
                                    "command": [
                                      "list",
                                      "string"
                                    ],
                                    "env": [
                                      "list",
                                      [
                                        "object",
                                        {
                                          "name": "string",
                                          "value": "string",
                                          "valueFrom": [
                                            "object",
                                            {
                                              "configMapKeyRef": [
                                                "object",
                                                {
                                                  "key": "string",
                                                  "name": "string",
                                                  "optional": "bool"
                                                }
                                              ],
                                              "fieldRef": [
                                                "object",
                                                {
                                                  "apiVersion": "string",
                                                  "fieldPath": "string"
                                                }
                                              ],
                                              "fileKeyRef": [
                                                "object",
                                                {
                                                  "key": "string",
                                                  "optional": "bool",
                                                  "path": "string",
                                                  "volumeName": "string"
                                                }
                                              ],
                                              "resourceFieldRef": [
                                                "object",
                                                {
                                                  "containerName": "string",
                                                  "divisor": "string",
                                                  "resource": "string"
                                                }
                                              ],
                                              "secretKeyRef": [
                                                "object",
                                                {
                                                  "key": "string",
                                                  "name": "string",
                                                  "optional": "bool"
                                                }
                                              ]
                                            }
                                          ]
                                        }
                                      ]
                                    ],
                                    "envFrom": [
                                      "list",
                                      [
                                        "object",
                                        {
                                          "configMapRef": [
                                            "object",
                                            {
                                              "name": "string",
                                              "optional": "bool"
                                            }
                                          ],
                                          "prefix": "string",
                                          "secretRef": [
                                            "object",
                                            {
                                              "name": "string",
                                              "optional": "bool"
                                            }
                                          ]
                                        }
                                      ]
                                    ],
                                    "image": "string",
                                    "imagePullPolicy": "string",
                                    "lifecycle": [
                                      "object",
                                      {
                                        "postStart": [
                                          "object",
                                          {
                                            "exec": [
                                              "object",
                                              {
                                                "command": [
                                                  "list",
                                                  "string"
                                                ]
                                              }
                                            ],
                                            "httpGet": [
                                              "object",
                                              {
                                                "host": "string",
                                                "httpHeaders": [
                                                  "list",
                                                  [
                                                    "object",
                                                    {
                                                      "name": "string",
                                                      "value": "string"
                                                    }
                                                  ]
                                                ],
                                                "path": "string",
                                                "port": "string",
                                                "scheme": "string"
                                              }
                                            ],
                                            "sleep": [
                                              "object",
                                              {
                                                "seconds": "number"
                                              }
                                            ],
                                            "tcpSocket": [
                                              "object",
                                              {
                                                "host": "string",
                                                "port": "string"
                                              }
                                            ]
                                          }
                                        ],
                                        "preStop": [
                                          "object",
                                          {
                                            "exec": [
                                              "object",
                                              {
                                                "command": [
                                                  "list",
                                                  "string"
                                                ]
                                              }
                                            ],
                                            "httpGet": [
                                              "object",
                                              {
                                                "host": "string",
                                                "httpHeaders": [
                                                  "list",
                                                  [
                                                    "object",
                                                    {
                                                      "name": "string",
                                                      "value": "string"
                                                    }
                                                  ]
                                                ],
                                                "path": "string",
                                                "port": "string",
                                                "scheme": "string"
                                              }
                                            ],
                                            "sleep": [
                                              "object",
                                              {
                                                "seconds": "number"
                                              }
                                            ],
                                            "tcpSocket": [
                                              "object",
                                              {
                                                "host": "string",
                                                "port": "string"
                                              }
                                            ]
                                          }
                                        ],
                                        "stopSignal": "string"
                                      }
                                    ],
                                    "livenessProbe": [
                                      "object",
                                      {
                                        "exec": [
                                          "object",
                                          {
                                            "command": [
                                              "list",
                                              "string"
                                            ]
                                          }
                                        ],
                                        "failureThreshold": "number",
                                        "grpc": [
                                          "object",
                                          {
                                            "port": "number",
                                            "service": "string"
                                          }
                                        ],
                                        "httpGet": [
                                          "object",
                                          {
                                            "host": "string",
                                            "httpHeaders": [
                                              "list",
                                              [
                                                "object",
                                                {
                                                  "name": "string",
                                                  "value": "string"
                                                }
                                              ]
                                            ],
                                            "path": "string",
                                            "port": "string",
                                            "scheme": "string"
                                          }
                                        ],
                                        "initialDelaySeconds": "number",
                                        "periodSeconds": "number",
                                        "successThreshold": "number",
                                        "tcpSocket": [
                                          "object",
                                          {
                                            "host": "string",
                                            "port": "string"
                                          }
                                        ],
                                        "terminationGracePeriodSeconds": "number",
                                        "timeoutSeconds": "number"
                                      }
                                    ],
                                    "name": "string",
                                    "ports": [
                                      "list",
                                      [
                                        "object",
                                        {
                                          "containerPort": "number",
                                          "hostIP": "string",
                                          "hostPort": "number",
                                          "name": "string",
                                          "protocol": "string"
                                        }
                                      ]
                                    ],
                                    "readinessProbe": [
                                      "object",
                                      {
                                        "exec": [
                                          "object",
                                          {
                                            "command": [
                                              "list",
                                              "string"
                                            ]
                                          }
                                        ],
                                        "failureThreshold": "number",
                                        "grpc": [
                                          "object",
                                          {
                                            "port": "number",
                                            "service": "string"
                                          }
                                        ],
                                        "httpGet": [
                                          "object",
                                          {
                                            "host": "string",
                                            "httpHeaders": [
                                              "list",
                                              [
                                                "object",
                                                {
                                                  "name": "string",
                                                  "value": "string"
                                                }
                                              ]
                                            ],
                                            "path": "string",
                                            "port": "string",
                                            "scheme": "string"
                                          }
                                        ],
                                        "initialDelaySeconds": "number",
                                        "periodSeconds": "number",
                                        "successThreshold": "number",
                                        "tcpSocket": [
                                          "object",
                                          {
                                            "host": "string",
                                            "port": "string"
                                          }
                                        ],
                                        "terminationGracePeriodSeconds": "number",
                                        "timeoutSeconds": "number"
                                      }
                                    ],
                                    "resizePolicy": [
                                      "list",
                                      [
                                        "object",
                                        {
                                          "resourceName": "string",
                                          "restartPolicy": "string"
                                        }
                                      ]
                                    ],
                                    "resources": [
                                      "object",
                                      {
                                        "claims": [
                                          "list",
                                          [
                                            "object",
                                            {
                                              "name": "string",
                                              "request": "string"
                                            }
                                          ]
                                        ],
                                        "limits": [
                                          "map",
                                          "string"
                                        ],
                                        "requests": [
                                          "map",
                                          "string"
                                        ]
                                      }
                                    ],
                                    "restartPolicy": "string",
                                    "restartPolicyRules": [
                                      "list",
                                      [
                                        "object",
                                        {
                                          "action": "string",
                                          "exitCodes": [
                                            "object",
                                            {
                                              "operator": "string",
                                              "values": [
                                                "list",
                                                "number"
                                              ]
                                            }
                                          ]
                                        }
                                      ]
                                    ],
                                    "securityContext": [
                                      "object",
                                      {
                                        "allowPrivilegeEscalation": "bool",
                                        "appArmorProfile": [
                                          "object",
                                          {
                                            "localhostProfile": "string",
                                            "type": "string"
                                          }
                                        ],
                                        "capabilities": [
                                          "object",
                                          {
                                            "add": [
                                              "list",
                                              "string"
                                            ],
                                            "drop": [
                                              "list",
                                              "string"
                                            ]
                                          }
                                        ],
                                        "privileged": "bool",
                                        "procMount": "string",
                                        "readOnlyRootFilesystem": "bool",
                                        "runAsGroup": "number",
                                        "runAsNonRoot": "bool",
                                        "runAsUser": "number",
                                        "seLinuxOptions": [
                                          "object",
                                          {
                                            "level": "string",
                                            "role": "string",
                                            "type": "string",
                                            "user": "string"
                                          }
                                        ],
                                        "seccompProfile": [
                                          "object",
                                          {
                                            "localhostProfile": "string",
                                            "type": "string"
                                          }
                                        ],
                                        "windowsOptions": [
                                          "object",
                                          {
                                            "gmsaCredentialSpec": "string",
                                            "gmsaCredentialSpecName": "string",
                                            "hostProcess": "bool",
                                            "runAsUserName": "string"
                                          }
                                        ]
                                      }
                                    ],
                                    "startupProbe": [
                                      "object",
                                      {
                                        "exec": [
                                          "object",
                                          {
                                            "command": [
                                              "list",
                                              "string"
                                            ]
                                          }
                                        ],
                                        "failureThreshold": "number",
                                        "grpc": [
                                          "object",
                                          {
                                            "port": "number",
                                            "service": "string"
                                          }
                                        ],
                                        "httpGet": [
                                          "object",
                                          {
                                            "host": "string",
                                            "httpHeaders": [
                                              "list",
                                              [
                                                "object",
                                                {
                                                  "name": "string",
                                                  "value": "string"
                                                }
                                              ]
                                            ],
                                            "path": "string",
                                            "port": "string",
                                            "scheme": "string"
                                          }
                                        ],
                                        "initialDelaySeconds": "number",
                                        "periodSeconds": "number",
                                        "successThreshold": "number",
                                        "tcpSocket": [
                                          "object",
                                          {
                                            "host": "string",
                                            "port": "string"
                                          }
                                        ],
                                        "terminationGracePeriodSeconds": "number",
                                        "timeoutSeconds": "number"
                                      }
                                    ],
                                    "stdin": "bool",
                                    "stdinOnce": "bool",
                                    "terminationMessagePath": "string",
                                    "terminationMessagePolicy": "string",
                                    "tty": "bool",
                                    "volumeDevices": [
                                      "list",
                                      [
                                        "object",
                                        {
                                          "devicePath": "string",
                                          "name": "string"
                                        }
                                      ]
                                    ],
                                    "volumeMounts": [
                                      "list",
                                      [
                                        "object",
                                        {
                                          "mountPath": "string",
                                          "mountPropagation": "string",
                                          "name": "string",
                                          "readOnly": "bool",
                                          "recursiveReadOnly": "string",
                                          "subPath": "string",
                                          "subPathExpr": "string"
                                        }
                                      ]
                                    ],
                                    "workingDir": "string"
                                  }
                                ]
                              ],
                              "nodeName": "string",
                              "nodeSelector": [
                                "map",
                                "string"
                              ],
                              "os": [
                                "object",
                                {
                                  "name": "string"
                                }
                              ],
                              "overhead": [
                                "map",
                                "string"
                              ],
                              "preemptionPolicy": "string",
                              "priority": "number",
                              "priorityClassName": "string",
                              "readinessGates": [
                                "list",
                                [
                                  "object",
                                  {
                                    "conditionType": "string"
                                  }
                                ]
                              ],
                              "resourceClaims": [
                                "list",
                                [
                                  "object",
                                  {
                                    "name": "string",
                                    "resourceClaimName": "string",
                                    "resourceClaimTemplateName": "string"
                                  }
                                ]
                              ],
                              "resources": [
                                "object",
                                {
                                  "claims": [
                                    "list",
                                    [
                                      "object",
                                      {
                                        "name": "string",
                                        "request": "string"
                                      }
                                    ]
                                  ],
                                  "limits": [
                                    "map",
                                    "string"
                                  ],
                                  "requests": [
                                    "map",
                                    "string"
                                  ]
                                }
                              ],
                              "restartPolicy": "string",
                              "runtimeClassName": "string",
                              "schedulerName": "string",
                              "schedulingGates": [
                                "list",
                                [
                                  "object",
                                  {
                                    "name": "string"
                                  }
                                ]
                              ],
                              "schedulingGroup": [
                                "object",
                                {
                                  "podGroupName": "string"
                                }
                              ],
                              "securityContext": [
                                "object",
                                {
                                  "appArmorProfile": [
                                    "object",
                                    {
                                      "localhostProfile": "string",
                                      "type": "string"
                                    }
                                  ],
                                  "fsGroup": "number",
                                  "fsGroupChangePolicy": "string",
                                  "runAsGroup": "number",
                                  "runAsNonRoot": "bool",
                                  "runAsUser": "number",
                                  "seLinuxChangePolicy": "string",
                                  "seLinuxOptions": [
                                    "object",
                                    {
                                      "level": "string",
                                      "role": "string",
                                      "type": "string",
                                      "user": "string"
                                    }
                                  ],
                                  "seccompProfile": [
                                    "object",
                                    {
                                      "localhostProfile": "string",
                                      "type": "string"
                                    }
                                  ],
                                  "supplementalGroups": [
                                    "list",
                                    "number"
                                  ],
                                  "supplementalGroupsPolicy": "string",
                                  "sysctls": [
                                    "list",
                                    [
                                      "object",
                                      {
                                        "name": "string",
                                        "value": "string"
                                      }
                                    ]
                                  ],
                                  "windowsOptions": [
                                    "object",
                                    {
                                      "gmsaCredentialSpec": "string",
                                      "gmsaCredentialSpecName": "string",
                                      "hostProcess": "bool",
                                      "runAsUserName": "string"
                                    }
                                  ]
                                }
                              ],
                              "serviceAccount": "string",
                              "serviceAccountName": "string",
                              "setHostnameAsFQDN": "bool",
                              "shareProcessNamespace": "bool",
                              "subdomain": "string",
                              "terminationGracePeriodSeconds": "number",
                              "tolerations": [
                                "list",
                                [
                                  "object",
                                  {
                                    "effect": "string",
                                    "key": "string",
                                    "operator": "string",
                                    "tolerationSeconds": "number",
                                    "value": "string"
                                  }
                                ]
                              ],
                              "topologySpreadConstraints": [
                                "list",
                                [
                                  "object",
                                  {
                                    "labelSelector": [
                                      "object",
                                      {
                                        "matchExpressions": [
                                          "list",
                                          [
                                            "object",
                                            {
                                              "key": "string",
                                              "operator": "string",
                                              "values": [
                                                "list",
                                                "string"
                                              ]
                                            }
                                          ]
                                        ],
                                        "matchLabels": [
                                          "map",
                                          "string"
                                        ]
                                      }
                                    ],
                                    "matchLabelKeys": [
                                      "list",
                                      "string"
                                    ],
                                    "maxSkew": "number",
                                    "minDomains": "number",
                                    "nodeAffinityPolicy": "string",
                                    "nodeTaintsPolicy": "string",
                                    "topologyKey": "string",
                                    "whenUnsatisfiable": "string"
                                  }
                                ]
                              ],
                              "volumes": [
                                "tuple",
                                [
                                  [
                                    "object",
                                    {
                                      "awsElasticBlockStore": [
                                        "object",
                                        {
                                          "fsType": "string",
                                          "partition": "number",
                                          "readOnly": "bool",
                                          "volumeID": "string"
                                        }
                                      ],
                                      "azureDisk": [
                                        "object",
                                        {
                                          "cachingMode": "string",
                                          "diskName": "string",
                                          "diskURI": "string",
                                          "fsType": "string",
                                          "kind": "string",
                                          "readOnly": "bool"
                                        }
                                      ],
                                      "azureFile": [
                                        "object",
                                        {
                                          "readOnly": "bool",
                                          "secretName": "string",
                                          "shareName": "string"
                                        }
                                      ],
                                      "cephfs": [
                                        "object",
                                        {
                                          "monitors": [
                                            "list",
                                            "string"
                                          ],
                                          "path": "string",
                                          "readOnly": "bool",
                                          "secretFile": "string",
                                          "secretRef": [
                                            "object",
                                            {
                                              "name": "string"
                                            }
                                          ],
                                          "user": "string"
                                        }
                                      ],
                                      "cinder": [
                                        "object",
                                        {
                                          "fsType": "string",
                                          "readOnly": "bool",
                                          "secretRef": [
                                            "object",
                                            {
                                              "name": "string"
                                            }
                                          ],
                                          "volumeID": "string"
                                        }
                                      ],
                                      "configMap": [
                                        "object",
                                        {
                                          "defaultMode": "number",
                                          "items": [
                                            "list",
                                            [
                                              "object",
                                              {
                                                "key": "string",
                                                "mode": "number",
                                                "path": "string"
                                              }
                                            ]
                                          ],
                                          "name": "string",
                                          "optional": "bool"
                                        }
                                      ],
                                      "csi": [
                                        "object",
                                        {
                                          "driver": "string",
                                          "fsType": "string",
                                          "nodePublishSecretRef": [
                                            "object",
                                            {
                                              "name": "string"
                                            }
                                          ],
                                          "readOnly": "bool",
                                          "volumeAttributes": [
                                            "map",
                                            "string"
                                          ]
                                        }
                                      ],
                                      "downwardAPI": [
                                        "object",
                                        {
                                          "defaultMode": "number",
                                          "items": [
                                            "list",
                                            [
                                              "object",
                                              {
                                                "fieldRef": [
                                                  "object",
                                                  {
                                                    "apiVersion": "string",
                                                    "fieldPath": "string"
                                                  }
                                                ],
                                                "mode": "number",
                                                "path": "string",
                                                "resourceFieldRef": [
                                                  "object",
                                                  {
                                                    "containerName": "string",
                                                    "divisor": "string",
                                                    "resource": "string"
                                                  }
                                                ]
                                              }
                                            ]
                                          ]
                                        }
                                      ],
                                      "emptyDir": [
                                        "object",
                                        {
                                          "medium": "string",
                                          "sizeLimit": "string"
                                        }
                                      ],
                                      "ephemeral": [
                                        "object",
                                        {
                                          "volumeClaimTemplate": [
                                            "object",
                                            {
                                              "metadata": [
                                                "object",
                                                {
                                                  "annotations": [
                                                    "map",
                                                    "string"
                                                  ],
                                                  "creationTimestamp": "string",
                                                  "deletionGracePeriodSeconds": "number",
                                                  "deletionTimestamp": "string",
                                                  "finalizers": [
                                                    "list",
                                                    "string"
                                                  ],
                                                  "generateName": "string",
                                                  "generation": "number",
                                                  "labels": [
                                                    "map",
                                                    "string"
                                                  ],
                                                  "managedFields": [
                                                    "tuple",
                                                    [
                                                      [
                                                        "object",
                                                        {
                                                          "apiVersion": "string",
                                                          "fieldsType": "string",
                                                          "fieldsV1": "dynamic",
                                                          "manager": "string",
                                                          "operation": "string",
                                                          "subresource": "string",
                                                          "time": "string"
                                                        }
                                                      ]
                                                    ]
                                                  ],
                                                  "name": "string",
                                                  "namespace": "string",
                                                  "ownerReferences": [
                                                    "list",
                                                    [
                                                      "object",
                                                      {
                                                        "apiVersion": "string",
                                                        "blockOwnerDeletion": "bool",
                                                        "controller": "bool",
                                                        "kind": "string",
                                                        "name": "string",
                                                        "uid": "string"
                                                      }
                                                    ]
                                                  ],
                                                  "resourceVersion": "string",
                                                  "selfLink": "string",
                                                  "uid": "string"
                                                }
                                              ],
                                              "spec": [
                                                "object",
                                                {
                                                  "accessModes": [
                                                    "list",
                                                    "string"
                                                  ],
                                                  "dataSource": [
                                                    "object",
                                                    {
                                                      "apiGroup": "string",
                                                      "kind": "string",
                                                      "name": "string"
                                                    }
                                                  ],
                                                  "dataSourceRef": [
                                                    "object",
                                                    {
                                                      "apiGroup": "string",
                                                      "kind": "string",
                                                      "name": "string",
                                                      "namespace": "string"
                                                    }
                                                  ],
                                                  "resources": [
                                                    "object",
                                                    {
                                                      "limits": [
                                                        "map",
                                                        "string"
                                                      ],
                                                      "requests": [
                                                        "map",
                                                        "string"
                                                      ]
                                                    }
                                                  ],
                                                  "selector": [
                                                    "object",
                                                    {
                                                      "matchExpressions": [
                                                        "list",
                                                        [
                                                          "object",
                                                          {
                                                            "key": "string",
                                                            "operator": "string",
                                                            "values": [
                                                              "list",
                                                              "string"
                                                            ]
                                                          }
                                                        ]
                                                      ],
                                                      "matchLabels": [
                                                        "map",
                                                        "string"
                                                      ]
                                                    }
                                                  ],
                                                  "storageClassName": "string",
                                                  "volumeAttributesClassName": "string",
                                                  "volumeMode": "string",
                                                  "volumeName": "string"
                                                }
                                              ]
                                            }
                                          ]
                                        }
                                      ],
                                      "fc": [
                                        "object",
                                        {
                                          "fsType": "string",
                                          "lun": "number",
                                          "readOnly": "bool",
                                          "targetWWNs": [
                                            "list",
                                            "string"
                                          ],
                                          "wwids": [
                                            "list",
                                            "string"
                                          ]
                                        }
                                      ],
                                      "flexVolume": [
                                        "object",
                                        {
                                          "driver": "string",
                                          "fsType": "string",
                                          "options": [
                                            "map",
                                            "string"
                                          ],
                                          "readOnly": "bool",
                                          "secretRef": [
                                            "object",
                                            {
                                              "name": "string"
                                            }
                                          ]
                                        }
                                      ],
                                      "flocker": [
                                        "object",
                                        {
                                          "datasetName": "string",
                                          "datasetUUID": "string"
                                        }
                                      ],
                                      "gcePersistentDisk": [
                                        "object",
                                        {
                                          "fsType": "string",
                                          "partition": "number",
                                          "pdName": "string",
                                          "readOnly": "bool"
                                        }
                                      ],
                                      "gitRepo": [
                                        "object",
                                        {
                                          "directory": "string",
                                          "repository": "string",
                                          "revision": "string"
                                        }
                                      ],
                                      "glusterfs": [
                                        "object",
                                        {
                                          "endpoints": "string",
                                          "path": "string",
                                          "readOnly": "bool"
                                        }
                                      ],
                                      "hostPath": [
                                        "object",
                                        {
                                          "path": "string",
                                          "type": "string"
                                        }
                                      ],
                                      "image": [
                                        "object",
                                        {
                                          "pullPolicy": "string",
                                          "reference": "string"
                                        }
                                      ],
                                      "iscsi": [
                                        "object",
                                        {
                                          "chapAuthDiscovery": "bool",
                                          "chapAuthSession": "bool",
                                          "fsType": "string",
                                          "initiatorName": "string",
                                          "iqn": "string",
                                          "iscsiInterface": "string",
                                          "lun": "number",
                                          "portals": [
                                            "list",
                                            "string"
                                          ],
                                          "readOnly": "bool",
                                          "secretRef": [
                                            "object",
                                            {
                                              "name": "string"
                                            }
                                          ],
                                          "targetPortal": "string"
                                        }
                                      ],
                                      "name": "string",
                                      "nfs": [
                                        "object",
                                        {
                                          "path": "string",
                                          "readOnly": "bool",
                                          "server": "string"
                                        }
                                      ],
                                      "persistentVolumeClaim": [
                                        "object",
                                        {
                                          "claimName": "string",
                                          "readOnly": "bool"
                                        }
                                      ],
                                      "photonPersistentDisk": [
                                        "object",
                                        {
                                          "fsType": "string",
                                          "pdID": "string"
                                        }
                                      ],
                                      "portworxVolume": [
                                        "object",
                                        {
                                          "fsType": "string",
                                          "readOnly": "bool",
                                          "volumeID": "string"
                                        }
                                      ],
                                      "projected": [
                                        "object",
                                        {
                                          "defaultMode": "number",
                                          "sources": [
                                            "list",
                                            [
                                              "object",
                                              {
                                                "clusterTrustBundle": [
                                                  "object",
                                                  {
                                                    "labelSelector": [
                                                      "object",
                                                      {
                                                        "matchExpressions": [
                                                          "list",
                                                          [
                                                            "object",
                                                            {
                                                              "key": "string",
                                                              "operator": "string",
                                                              "values": [
                                                                "list",
                                                                "string"
                                                              ]
                                                            }
                                                          ]
                                                        ],
                                                        "matchLabels": [
                                                          "map",
                                                          "string"
                                                        ]
                                                      }
                                                    ],
                                                    "name": "string",
                                                    "optional": "bool",
                                                    "path": "string",
                                                    "signerName": "string"
                                                  }
                                                ],
                                                "configMap": [
                                                  "object",
                                                  {
                                                    "items": [
                                                      "list",
                                                      [
                                                        "object",
                                                        {
                                                          "key": "string",
                                                          "mode": "number",
                                                          "path": "string"
                                                        }
                                                      ]
                                                    ],
                                                    "name": "string",
                                                    "optional": "bool"
                                                  }
                                                ],
                                                "downwardAPI": [
                                                  "object",
                                                  {
                                                    "items": [
                                                      "list",
                                                      [
                                                        "object",
                                                        {
                                                          "fieldRef": [
                                                            "object",
                                                            {
                                                              "apiVersion": "string",
                                                              "fieldPath": "string"
                                                            }
                                                          ],
                                                          "mode": "number",
                                                          "path": "string",
                                                          "resourceFieldRef": [
                                                            "object",
                                                            {
                                                              "containerName": "string",
                                                              "divisor": "string",
                                                              "resource": "string"
                                                            }
                                                          ]
                                                        }
                                                      ]
                                                    ]
                                                  }
                                                ],
                                                "podCertificate": [
                                                  "object",
                                                  {
                                                    "certificateChainPath": "string",
                                                    "credentialBundlePath": "string",
                                                    "keyPath": "string",
                                                    "keyType": "string",
                                                    "maxExpirationSeconds": "number",
                                                    "signerName": "string",
                                                    "userAnnotations": [
                                                      "map",
                                                      "string"
                                                    ]
                                                  }
                                                ],
                                                "secret": [
                                                  "object",
                                                  {
                                                    "items": [
                                                      "list",
                                                      [
                                                        "object",
                                                        {
                                                          "key": "string",
                                                          "mode": "number",
                                                          "path": "string"
                                                        }
                                                      ]
                                                    ],
                                                    "name": "string",
                                                    "optional": "bool"
                                                  }
                                                ],
                                                "serviceAccountToken": [
                                                  "object",
                                                  {
                                                    "audience": "string",
                                                    "expirationSeconds": "number",
                                                    "path": "string"
                                                  }
                                                ]
                                              }
                                            ]
                                          ]
                                        }
                                      ],
                                      "quobyte": [
                                        "object",
                                        {
                                          "group": "string",
                                          "readOnly": "bool",
                                          "registry": "string",
                                          "tenant": "string",
                                          "user": "string",
                                          "volume": "string"
                                        }
                                      ],
                                      "rbd": [
                                        "object",
                                        {
                                          "fsType": "string",
                                          "image": "string",
                                          "keyring": "string",
                                          "monitors": [
                                            "list",
                                            "string"
                                          ],
                                          "pool": "string",
                                          "readOnly": "bool",
                                          "secretRef": [
                                            "object",
                                            {
                                              "name": "string"
                                            }
                                          ],
                                          "user": "string"
                                        }
                                      ],
                                      "scaleIO": [
                                        "object",
                                        {
                                          "fsType": "string",
                                          "gateway": "string",
                                          "protectionDomain": "string",
                                          "readOnly": "bool",
                                          "secretRef": [
                                            "object",
                                            {
                                              "name": "string"
                                            }
                                          ],
                                          "sslEnabled": "bool",
                                          "storageMode": "string",
                                          "storagePool": "string",
                                          "system": "string",
                                          "volumeName": "string"
                                        }
                                      ],
                                      "secret": [
                                        "object",
                                        {
                                          "defaultMode": "number",
                                          "items": [
                                            "list",
                                            [
                                              "object",
                                              {
                                                "key": "string",
                                                "mode": "number",
                                                "path": "string"
                                              }
                                            ]
                                          ],
                                          "optional": "bool",
                                          "secretName": "string"
                                        }
                                      ],
                                      "storageos": [
                                        "object",
                                        {
                                          "fsType": "string",
                                          "readOnly": "bool",
                                          "secretRef": [
                                            "object",
                                            {
                                              "name": "string"
                                            }
                                          ],
                                          "volumeName": "string",
                                          "volumeNamespace": "string"
                                        }
                                      ],
                                      "vsphereVolume": [
                                        "object",
                                        {
                                          "fsType": "string",
                                          "storagePolicyID": "string",
                                          "storagePolicyName": "string",
                                          "volumePath": "string"
                                        }
                                      ]
                                    }
                                  ]
                                ]
                              ]
                            }
                          ]
                        }
                      ]
                    }
                  ]
                }
              ]
            },
            "timeouts": [],
            "wait": [],
            "wait_for": null
          },
          "sensitive_attributes": [],
          "identity_schema_version": 1,
          "identity": {
            "api_version": "apps/v1",
            "kind": "Deployment",
            "name": "mechanic-db",
            "namespace": "default"
          },
          "dependencies": [
            "kubernetes_manifest.secret"
          ]
        }
      ]
    },
    {
      "mode": "managed",
      "type": "kubernetes_manifest",
      "name": "db_service",
      "provider": "provider[\"registry.terraform.io/hashicorp/kubernetes\"]",
      "instances": [
        {
          "schema_version": 1,
          "attributes": {
            "computed_fields": null,
            "field_manager": [],
            "manifest": {
              "value": {
                "apiVersion": "v1",
                "kind": "Service",
                "metadata": {
                  "name": "mechanic-db-service",
                  "namespace": "default"
                },
                "spec": {
                  "ports": [
                    {
                      "port": 1433,
                      "targetPort": 1433
                    }
                  ],
                  "selector": {
                    "app": "mechanic-db"
                  }
                }
              },
              "type": [
                "object",
                {
                  "apiVersion": "string",
                  "kind": "string",
                  "metadata": [
                    "object",
                    {
                      "name": "string",
                      "namespace": "string"
                    }
                  ],
                  "spec": [
                    "object",
                    {
                      "ports": [
                        "tuple",
                        [
                          [
                            "object",
                            {
                              "port": "number",
                              "targetPort": "number"
                            }
                          ]
                        ]
                      ],
                      "selector": [
                        "object",
                        {
                          "app": "string"
                        }
                      ]
                    }
                  ]
                }
              ]
            },
            "object": {
              "value": {
                "apiVersion": "v1",
                "kind": "Service",
                "metadata": {
                  "annotations": null,
                  "creationTimestamp": null,
                  "deletionGracePeriodSeconds": null,
                  "deletionTimestamp": null,
                  "finalizers": null,
                  "generateName": null,
                  "generation": null,
                  "labels": null,
                  "managedFields": null,
                  "name": "mechanic-db-service",
                  "namespace": "default",
                  "ownerReferences": null,
                  "resourceVersion": null,
                  "selfLink": null,
                  "uid": null
                },
                "spec": {
                  "allocateLoadBalancerNodePorts": null,
                  "clusterIP": "10.96.145.248",
                  "clusterIPs": [
                    "10.96.145.248"
                  ],
                  "externalIPs": null,
                  "externalName": null,
                  "externalTrafficPolicy": null,
                  "healthCheckNodePort": null,
                  "internalTrafficPolicy": "Cluster",
                  "ipFamilies": [
                    "IPv4"
                  ],
                  "ipFamilyPolicy": "SingleStack",
                  "loadBalancerClass": null,
                  "loadBalancerIP": null,
                  "loadBalancerSourceRanges": null,
                  "ports": [
                    {
                      "appProtocol": null,
                      "name": null,
                      "nodePort": null,
                      "port": 1433,
                      "protocol": "TCP",
                      "targetPort": "1433"
                    }
                  ],
                  "publishNotReadyAddresses": null,
                  "selector": {
                    "app": "mechanic-db"
                  },
                  "sessionAffinity": "None",
                  "sessionAffinityConfig": {
                    "clientIP": {
                      "timeoutSeconds": null
                    }
                  },
                  "trafficDistribution": null,
                  "type": "ClusterIP"
                }
              },
              "type": [
                "object",
                {
                  "apiVersion": "string",
                  "kind": "string",
                  "metadata": [
                    "object",
                    {
                      "annotations": [
                        "map",
                        "string"
                      ],
                      "creationTimestamp": "string",
                      "deletionGracePeriodSeconds": "number",
                      "deletionTimestamp": "string",
                      "finalizers": [
                        "list",
                        "string"
                      ],
                      "generateName": "string",
                      "generation": "number",
                      "labels": [
                        "map",
                        "string"
                      ],
                      "managedFields": [
                        "tuple",
                        [
                          [
                            "object",
                            {
                              "apiVersion": "string",
                              "fieldsType": "string",
                              "fieldsV1": "dynamic",
                              "manager": "string",
                              "operation": "string",
                              "subresource": "string",
                              "time": "string"
                            }
                          ]
                        ]
                      ],
                      "name": "string",
                      "namespace": "string",
                      "ownerReferences": [
                        "list",
                        [
                          "object",
                          {
                            "apiVersion": "string",
                            "blockOwnerDeletion": "bool",
                            "controller": "bool",
                            "kind": "string",
                            "name": "string",
                            "uid": "string"
                          }
                        ]
                      ],
                      "resourceVersion": "string",
                      "selfLink": "string",
                      "uid": "string"
                    }
                  ],
                  "spec": [
                    "object",
                    {
                      "allocateLoadBalancerNodePorts": "bool",
                      "clusterIP": "string",
                      "clusterIPs": [
                        "list",
                        "string"
                      ],
                      "externalIPs": [
                        "list",
                        "string"
                      ],
                      "externalName": "string",
                      "externalTrafficPolicy": "string",
                      "healthCheckNodePort": "number",
                      "internalTrafficPolicy": "string",
                      "ipFamilies": [
                        "list",
                        "string"
                      ],
                      "ipFamilyPolicy": "string",
                      "loadBalancerClass": "string",
                      "loadBalancerIP": "string",
                      "loadBalancerSourceRanges": [
                        "list",
                        "string"
                      ],
                      "ports": [
                        "list",
                        [
                          "object",
                          {
                            "appProtocol": "string",
                            "name": "string",
                            "nodePort": "number",
                            "port": "number",
                            "protocol": "string",
                            "targetPort": "string"
                          }
                        ]
                      ],
                      "publishNotReadyAddresses": "bool",
                      "selector": [
                        "map",
                        "string"
                      ],
                      "sessionAffinity": "string",
                      "sessionAffinityConfig": [
                        "object",
                        {
                          "clientIP": [
                            "object",
                            {
                              "timeoutSeconds": "number"
                            }
                          ]
                        }
                      ],
                      "trafficDistribution": "string",
                      "type": "string"
                    }
                  ]
                }
              ]
            },
            "timeouts": [],
            "wait": [],
            "wait_for": null
          },
          "sensitive_attributes": [],
          "identity_schema_version": 1,
          "identity": {
            "api_version": "v1",
            "kind": "Service",
            "name": "mechanic-db-service",
            "namespace": "default"
          },
          "dependencies": [
            "kubernetes_manifest.db_deployment",
            "kubernetes_manifest.secret"
          ]
        }
      ]
    },
    {
      "mode": "managed",
      "type": "kubernetes_manifest",
      "name": "hpa",
      "provider": "provider[\"registry.terraform.io/hashicorp/kubernetes\"]",
      "instances": [
        {
          "schema_version": 1,
          "attributes": {
            "computed_fields": null,
            "field_manager": [],
            "manifest": {
              "value": {
                "apiVersion": "autoscaling/v2",
                "kind": "HorizontalPodAutoscaler",
                "metadata": {
                  "name": "mechanic-api-hpa",
                  "namespace": "default"
                },
                "spec": {
                  "maxReplicas": 3,
                  "metrics": [
                    {
                      "resource": {
                        "name": "cpu",
                        "target": {
                          "averageUtilization": 70,
                          "type": "Utilization"
                        }
                      },
                      "type": "Resource"
                    },
                    {
                      "resource": {
                        "name": "memory",
                        "target": {
                          "averageUtilization": 80,
                          "type": "Utilization"
                        }
                      },
                      "type": "Resource"
                    }
                  ],
                  "minReplicas": 1,
                  "scaleTargetRef": {
                    "apiVersion": "apps/v1",
                    "kind": "Deployment",
                    "name": "mechanic-api"
                  }
                }
              },
              "type": [
                "object",
                {
                  "apiVersion": "string",
                  "kind": "string",
                  "metadata": [
                    "object",
                    {
                      "name": "string",
                      "namespace": "string"
                    }
                  ],
                  "spec": [
                    "object",
                    {
                      "maxReplicas": "number",
                      "metrics": [
                        "tuple",
                        [
                          [
                            "object",
                            {
                              "resource": [
                                "object",
                                {
                                  "name": "string",
                                  "target": [
                                    "object",
                                    {
                                      "averageUtilization": "number",
                                      "type": "string"
                                    }
                                  ]
                                }
                              ],
                              "type": "string"
                            }
                          ],
                          [
                            "object",
                            {
                              "resource": [
                                "object",
                                {
                                  "name": "string",
                                  "target": [
                                    "object",
                                    {
                                      "averageUtilization": "number",
                                      "type": "string"
                                    }
                                  ]
                                }
                              ],
                              "type": "string"
                            }
                          ]
                        ]
                      ],
                      "minReplicas": "number",
                      "scaleTargetRef": [
                        "object",
                        {
                          "apiVersion": "string",
                          "kind": "string",
                          "name": "string"
                        }
                      ]
                    }
                  ]
                }
              ]
            },
            "object": {
              "value": {
                "apiVersion": "autoscaling/v2",
                "kind": "HorizontalPodAutoscaler",
                "metadata": {
                  "annotations": null,
                  "creationTimestamp": null,
                  "deletionGracePeriodSeconds": null,
                  "deletionTimestamp": null,
                  "finalizers": null,
                  "generateName": null,
                  "generation": null,
                  "labels": null,
                  "managedFields": null,
                  "name": "mechanic-api-hpa",
                  "namespace": "default",
                  "ownerReferences": null,
                  "resourceVersion": null,
                  "selfLink": null,
                  "uid": null
                },
                "spec": {
                  "behavior": {
                    "scaleDown": {
                      "policies": null,
                      "selectPolicy": null,
                      "stabilizationWindowSeconds": null,
                      "tolerance": null
                    },
                    "scaleUp": {
                      "policies": null,
                      "selectPolicy": null,
                      "stabilizationWindowSeconds": null,
                      "tolerance": null
                    }
                  },
                  "maxReplicas": 3,
                  "metrics": [
                    {
                      "containerResource": {
                        "container": null,
                        "name": null,
                        "target": {
                          "averageUtilization": null,
                          "averageValue": null,
                          "type": null,
                          "value": null
                        }
                      },
                      "external": {
                        "metric": {
                          "name": null,
                          "selector": {
                            "matchExpressions": null,
                            "matchLabels": null
                          }
                        },
                        "target": {
                          "averageUtilization": null,
                          "averageValue": null,
                          "type": null,
                          "value": null
                        }
                      },
                      "object": {
                        "describedObject": {
                          "apiVersion": null,
                          "kind": null,
                          "name": null
                        },
                        "metric": {
                          "name": null,
                          "selector": {
                            "matchExpressions": null,
                            "matchLabels": null
                          }
                        },
                        "target": {
                          "averageUtilization": null,
                          "averageValue": null,
                          "type": null,
                          "value": null
                        }
                      },
                      "pods": {
                        "metric": {
                          "name": null,
                          "selector": {
                            "matchExpressions": null,
                            "matchLabels": null
                          }
                        },
                        "target": {
                          "averageUtilization": null,
                          "averageValue": null,
                          "type": null,
                          "value": null
                        }
                      },
                      "resource": {
                        "name": "cpu",
                        "target": {
                          "averageUtilization": 70,
                          "averageValue": null,
                          "type": "Utilization",
                          "value": null
                        }
                      },
                      "type": "Resource"
                    },
                    {
                      "containerResource": {
                        "container": null,
                        "name": null,
                        "target": {
                          "averageUtilization": null,
                          "averageValue": null,
                          "type": null,
                          "value": null
                        }
                      },
                      "external": {
                        "metric": {
                          "name": null,
                          "selector": {
                            "matchExpressions": null,
                            "matchLabels": null
                          }
                        },
                        "target": {
                          "averageUtilization": null,
                          "averageValue": null,
                          "type": null,
                          "value": null
                        }
                      },
                      "object": {
                        "describedObject": {
                          "apiVersion": null,
                          "kind": null,
                          "name": null
                        },
                        "metric": {
                          "name": null,
                          "selector": {
                            "matchExpressions": null,
                            "matchLabels": null
                          }
                        },
                        "target": {
                          "averageUtilization": null,
                          "averageValue": null,
                          "type": null,
                          "value": null
                        }
                      },
                      "pods": {
                        "metric": {
                          "name": null,
                          "selector": {
                            "matchExpressions": null,
                            "matchLabels": null
                          }
                        },
                        "target": {
                          "averageUtilization": null,
                          "averageValue": null,
                          "type": null,
                          "value": null
                        }
                      },
                      "resource": {
                        "name": "memory",
                        "target": {
                          "averageUtilization": 80,
                          "averageValue": null,
                          "type": "Utilization",
                          "value": null
                        }
                      },
                      "type": "Resource"
                    }
                  ],
                  "minReplicas": 1,
                  "scaleTargetRef": {
                    "apiVersion": "apps/v1",
                    "kind": "Deployment",
                    "name": "mechanic-api"
                  }
                }
              },
              "type": [
                "object",
                {
                  "apiVersion": "string",
                  "kind": "string",
                  "metadata": [
                    "object",
                    {
                      "annotations": [
                        "map",
                        "string"
                      ],
                      "creationTimestamp": "string",
                      "deletionGracePeriodSeconds": "number",
                      "deletionTimestamp": "string",
                      "finalizers": [
                        "list",
                        "string"
                      ],
                      "generateName": "string",
                      "generation": "number",
                      "labels": [
                        "map",
                        "string"
                      ],
                      "managedFields": [
                        "tuple",
                        [
                          [
                            "object",
                            {
                              "apiVersion": "string",
                              "fieldsType": "string",
                              "fieldsV1": "dynamic",
                              "manager": "string",
                              "operation": "string",
                              "subresource": "string",
                              "time": "string"
                            }
                          ]
                        ]
                      ],
                      "name": "string",
                      "namespace": "string",
                      "ownerReferences": [
                        "list",
                        [
                          "object",
                          {
                            "apiVersion": "string",
                            "blockOwnerDeletion": "bool",
                            "controller": "bool",
                            "kind": "string",
                            "name": "string",
                            "uid": "string"
                          }
                        ]
                      ],
                      "resourceVersion": "string",
                      "selfLink": "string",
                      "uid": "string"
                    }
                  ],
                  "spec": [
                    "object",
                    {
                      "behavior": [
                        "object",
                        {
                          "scaleDown": [
                            "object",
                            {
                              "policies": [
                                "list",
                                [
                                  "object",
                                  {
                                    "periodSeconds": "number",
                                    "type": "string",
                                    "value": "number"
                                  }
                                ]
                              ],
                              "selectPolicy": "string",
                              "stabilizationWindowSeconds": "number",
                              "tolerance": "string"
                            }
                          ],
                          "scaleUp": [
                            "object",
                            {
                              "policies": [
                                "list",
                                [
                                  "object",
                                  {
                                    "periodSeconds": "number",
                                    "type": "string",
                                    "value": "number"
                                  }
                                ]
                              ],
                              "selectPolicy": "string",
                              "stabilizationWindowSeconds": "number",
                              "tolerance": "string"
                            }
                          ]
                        }
                      ],
                      "maxReplicas": "number",
                      "metrics": [
                        "list",
                        [
                          "object",
                          {
                            "containerResource": [
                              "object",
                              {
                                "container": "string",
                                "name": "string",
                                "target": [
                                  "object",
                                  {
                                    "averageUtilization": "number",
                                    "averageValue": "string",
                                    "type": "string",
                                    "value": "string"
                                  }
                                ]
                              }
                            ],
                            "external": [
                              "object",
                              {
                                "metric": [
                                  "object",
                                  {
                                    "name": "string",
                                    "selector": [
                                      "object",
                                      {
                                        "matchExpressions": [
                                          "list",
                                          [
                                            "object",
                                            {
                                              "key": "string",
                                              "operator": "string",
                                              "values": [
                                                "list",
                                                "string"
                                              ]
                                            }
                                          ]
                                        ],
                                        "matchLabels": [
                                          "map",
                                          "string"
                                        ]
                                      }
                                    ]
                                  }
                                ],
                                "target": [
                                  "object",
                                  {
                                    "averageUtilization": "number",
                                    "averageValue": "string",
                                    "type": "string",
                                    "value": "string"
                                  }
                                ]
                              }
                            ],
                            "object": [
                              "object",
                              {
                                "describedObject": [
                                  "object",
                                  {
                                    "apiVersion": "string",
                                    "kind": "string",
                                    "name": "string"
                                  }
                                ],
                                "metric": [
                                  "object",
                                  {
                                    "name": "string",
                                    "selector": [
                                      "object",
                                      {
                                        "matchExpressions": [
                                          "list",
                                          [
                                            "object",
                                            {
                                              "key": "string",
                                              "operator": "string",
                                              "values": [
                                                "list",
                                                "string"
                                              ]
                                            }
                                          ]
                                        ],
                                        "matchLabels": [
                                          "map",
                                          "string"
                                        ]
                                      }
                                    ]
                                  }
                                ],
                                "target": [
                                  "object",
                                  {
                                    "averageUtilization": "number",
                                    "averageValue": "string",
                                    "type": "string",
                                    "value": "string"
                                  }
                                ]
                              }
                            ],
                            "pods": [
                              "object",
                              {
                                "metric": [
                                  "object",
                                  {
                                    "name": "string",
                                    "selector": [
                                      "object",
                                      {
                                        "matchExpressions": [
                                          "list",
                                          [
                                            "object",
                                            {
                                              "key": "string",
                                              "operator": "string",
                                              "values": [
                                                "list",
                                                "string"
                                              ]
                                            }
                                          ]
                                        ],
                                        "matchLabels": [
                                          "map",
                                          "string"
                                        ]
                                      }
                                    ]
                                  }
                                ],
                                "target": [
                                  "object",
                                  {
                                    "averageUtilization": "number",
                                    "averageValue": "string",
                                    "type": "string",
                                    "value": "string"
                                  }
                                ]
                              }
                            ],
                            "resource": [
                              "object",
                              {
                                "name": "string",
                                "target": [
                                  "object",
                                  {
                                    "averageUtilization": "number",
                                    "averageValue": "string",
                                    "type": "string",
                                    "value": "string"
                                  }
                                ]
                              }
                            ],
                            "type": "string"
                          }
                        ]
                      ],
                      "minReplicas": "number",
                      "scaleTargetRef": [
                        "object",
                        {
                          "apiVersion": "string",
                          "kind": "string",
                          "name": "string"
                        }
                      ]
                    }
                  ]
                }
              ]
            },
            "timeouts": [],
            "wait": [],
            "wait_for": null
          },
          "sensitive_attributes": [],
          "identity_schema_version": 1,
          "identity": {
            "api_version": "autoscaling/v2",
            "kind": "HorizontalPodAutoscaler",
            "name": "mechanic-api-hpa",
            "namespace": "default"
          },
          "dependencies": [
            "kubernetes_manifest.api_deployment",
            "kubernetes_manifest.configmap",
            "kubernetes_manifest.db_deployment",
            "kubernetes_manifest.db_service",
            "kubernetes_manifest.secret"
          ]
        }
      ]
    },
    {
      "mode": "managed",
      "type": "kubernetes_manifest",
      "name": "secret",
      "provider": "provider[\"registry.terraform.io/hashicorp/kubernetes\"]",
      "instances": [
        {
          "schema_version": 1,
          "attributes": {
            "computed_fields": [
              "metadata.labels",
              "metadata.annotations",
              "stringData"
            ],
            "field_manager": [],
            "manifest": {
              "value": {
                "apiVersion": "v1",
                "kind": "Secret",
                "metadata": {
                  "name": "mechanic-secret",
                  "namespace": "default"
                },
                "stringData": {
                  "connectionString": "Server=mechanic-db-service;Database=MechanicDb;User=sa;Password=YourStrong!Passw0rd;TrustServerCertificate=True"
                },
                "type": "Opaque"
              },
              "type": [
                "object",
                {
                  "apiVersion": "string",
                  "kind": "string",
                  "metadata": [
                    "object",
                    {
                      "name": "string",
                      "namespace": "string"
                    }
                  ],
                  "stringData": [
                    "object",
                    {
                      "connectionString": "string"
                    }
                  ],
                  "type": "string"
                }
              ]
            },
            "object": {
              "value": {
                "apiVersion": "v1",
                "data": {
                  "connectionString": "U2VydmVyPW1lY2hhbmljLWRiLXNlcnZpY2U7RGF0YWJhc2U9TWVjaGFuaWNEYjtVc2VyPXNhO1Bhc3N3b3JkPVlvdXJTdHJvbmchUGFzc3cwcmQ7VHJ1c3RTZXJ2ZXJDZXJ0aWZpY2F0ZT1UcnVl"
                },
                "immutable": null,
                "kind": "Secret",
                "metadata": {
                  "annotations": null,
                  "creationTimestamp": null,
                  "deletionGracePeriodSeconds": null,
                  "deletionTimestamp": null,
                  "finalizers": null,
                  "generateName": null,
                  "generation": null,
                  "labels": null,
                  "managedFields": null,
                  "name": "mechanic-secret",
                  "namespace": "default",
                  "ownerReferences": null,
                  "resourceVersion": null,
                  "selfLink": null,
                  "uid": null
                },
                "stringData": null,
                "type": "Opaque"
              },
              "type": [
                "object",
                {
                  "apiVersion": "string",
                  "data": [
                    "map",
                    "string"
                  ],
                  "immutable": "bool",
                  "kind": "string",
                  "metadata": [
                    "object",
                    {
                      "annotations": [
                        "map",
                        "string"
                      ],
                      "creationTimestamp": "string",
                      "deletionGracePeriodSeconds": "number",
                      "deletionTimestamp": "string",
                      "finalizers": [
                        "list",
                        "string"
                      ],
                      "generateName": "string",
                      "generation": "number",
                      "labels": [
                        "map",
                        "string"
                      ],
                      "managedFields": [
                        "tuple",
                        [
                          [
                            "object",
                            {
                              "apiVersion": "string",
                              "fieldsType": "string",
                              "fieldsV1": "dynamic",
                              "manager": "string",
                              "operation": "string",
                              "subresource": "string",
                              "time": "string"
                            }
                          ]
                        ]
                      ],
                      "name": "string",
                      "namespace": "string",
                      "ownerReferences": [
                        "list",
                        [
                          "object",
                          {
                            "apiVersion": "string",
                            "blockOwnerDeletion": "bool",
                            "controller": "bool",
                            "kind": "string",
                            "name": "string",
                            "uid": "string"
                          }
                        ]
                      ],
                      "resourceVersion": "string",
                      "selfLink": "string",
                      "uid": "string"
                    }
                  ],
                  "stringData": [
                    "map",
                    "string"
                  ],
                  "type": "string"
                }
              ]
            },
            "timeouts": [],
            "wait": [],
            "wait_for": null
          },
          "sensitive_attributes": [],
          "identity_schema_version": 1,
          "identity": {
            "api_version": "v1",
            "kind": "Secret",
            "name": "mechanic-secret",
            "namespace": "default"
          }
        }
      ]
    }
  ],
  "check_results": null
}
